// !$*UTF8*$!
{
	archiveVersion = 1;
	classes = {
	};
	objectVersion = 46;
	objects = {

/* Begin PBXBuildFile section */
		8E8C148218234C2900B07048 /* TLPBaseLevelScene.m in Sources */ = {isa = PBXBuildFile; fileRef = 8E8C148118234C2900B07048 /* TLPBaseLevelScene.m */; };
		8E8C148318234C2900B07048 /* TLPBaseLevelScene.m in Sources */ = {isa = PBXBuildFile; fileRef = 8E8C148118234C2900B07048 /* TLPBaseLevelScene.m */; };
		8E8C148718234EE300B07048 /* TLPBaseLevelSceneTests.m in Sources */ = {isa = PBXBuildFile; fileRef = 8E8C148618234EE300B07048 /* TLPBaseLevelSceneTests.m */; };
		8E8C148B182352CD00B07048 /* TLPPlayer.m in Sources */ = {isa = PBXBuildFile; fileRef = 8E8C148A182352CD00B07048 /* TLPPlayer.m */; };
		8E8C148C182352CD00B07048 /* TLPPlayer.m in Sources */ = {isa = PBXBuildFile; fileRef = 8E8C148A182352CD00B07048 /* TLPPlayer.m */; };
		8EB1C49618271D400074AA95 /* TLPSpawnAI.m in Sources */ = {isa = PBXBuildFile; fileRef = 8EB1C49518271D400074AA95 /* TLPSpawnAI.m */; };
		8EB1C49718271D400074AA95 /* TLPSpawnAI.m in Sources */ = {isa = PBXBuildFile; fileRef = 8EB1C49518271D400074AA95 /* TLPSpawnAI.m */; };
		8EB1C49A182726880074AA95 /* TLPSkySprite.m in Sources */ = {isa = PBXBuildFile; fileRef = 8EB1C499182726880074AA95 /* TLPSkySprite.m */; };
		8EB1C49B182726880074AA95 /* TLPSkySprite.m in Sources */ = {isa = PBXBuildFile; fileRef = 8EB1C499182726880074AA95 /* TLPSkySprite.m */; };
		8ECE9BC218257CA60049763C /* UIColor+ThisLittlePiggy.m in Sources */ = {isa = PBXBuildFile; fileRef = 8ECE9BC118257CA60049763C /* UIColor+ThisLittlePiggy.m */; };
		8ECE9BC618258C070049763C /* TLPArtificialIntelligence.m in Sources */ = {isa = PBXBuildFile; fileRef = 8ECE9BC518258C070049763C /* TLPArtificialIntelligence.m */; };
		8ECE9BC718258C070049763C /* TLPArtificialIntelligence.m in Sources */ = {isa = PBXBuildFile; fileRef = 8ECE9BC518258C070049763C /* TLPArtificialIntelligence.m */; };
		8ECE9BCA18258D2D0049763C /* TLPWalkAI.m in Sources */ = {isa = PBXBuildFile; fileRef = 8ECE9BC918258D2D0049763C /* TLPWalkAI.m */; };
		8ECE9BCB18258D2D0049763C /* TLPWalkAI.m in Sources */ = {isa = PBXBuildFile; fileRef = 8ECE9BC918258D2D0049763C /* TLPWalkAI.m */; };
		8ECE9BCE18259DD70049763C /* TLPComputerControlledCharacter.m in Sources */ = {isa = PBXBuildFile; fileRef = 8ECE9BCD18259DD70049763C /* TLPComputerControlledCharacter.m */; };
		8ECE9BCF18259DD70049763C /* TLPComputerControlledCharacter.m in Sources */ = {isa = PBXBuildFile; fileRef = 8ECE9BCD18259DD70049763C /* TLPComputerControlledCharacter.m */; };
		8ED7EDA51823E23100533439 /* TLPViewController.m in Sources */ = {isa = PBXBuildFile; fileRef = 8ED7EDA41823E23100533439 /* TLPViewController.m */; };
		8ED7EDA61823E23100533439 /* TLPViewController.m in Sources */ = {isa = PBXBuildFile; fileRef = 8ED7EDA41823E23100533439 /* TLPViewController.m */; };
		8ED7EDAD1823E2FE00533439 /* TLPAppDelegate.m in Sources */ = {isa = PBXBuildFile; fileRef = 8ED7EDAC1823E2FE00533439 /* TLPAppDelegate.m */; };
		8ED7EDAE1823E2FE00533439 /* TLPAppDelegate.m in Sources */ = {isa = PBXBuildFile; fileRef = 8ED7EDAC1823E2FE00533439 /* TLPAppDelegate.m */; };
		8ED7EDB31823F11300533439 /* TLPMockBaseLevelScene.m in Sources */ = {isa = PBXBuildFile; fileRef = 8ED7EDB21823F11300533439 /* TLPMockBaseLevelScene.m */; };
		8ED7EDB41823F11300533439 /* TLPMockBaseLevelScene.m in Sources */ = {isa = PBXBuildFile; fileRef = 8ED7EDB21823F11300533439 /* TLPMockBaseLevelScene.m */; };
		8EDDDC88182402CD00AAC5A8 /* TLPCharacter.m in Sources */ = {isa = PBXBuildFile; fileRef = 8EDDDC87182402CD00AAC5A8 /* TLPCharacter.m */; };
		8EDDDC89182402CD00AAC5A8 /* TLPCharacter.m in Sources */ = {isa = PBXBuildFile; fileRef = 8EDDDC87182402CD00AAC5A8 /* TLPCharacter.m */; };
		8EDDDC8C182402FE00AAC5A8 /* TLPUmbrellaCharacter.m in Sources */ = {isa = PBXBuildFile; fileRef = 8EDDDC8B182402FE00AAC5A8 /* TLPUmbrellaCharacter.m */; };
		8EDDDC8D182402FE00AAC5A8 /* TLPUmbrellaCharacter.m in Sources */ = {isa = PBXBuildFile; fileRef = 8EDDDC8B182402FE00AAC5A8 /* TLPUmbrellaCharacter.m */; };
		8EDDDC901824032400AAC5A8 /* TLPPiggyCharacter.m in Sources */ = {isa = PBXBuildFile; fileRef = 8EDDDC8F1824032400AAC5A8 /* TLPPiggyCharacter.m */; };
		8EDDDC911824032400AAC5A8 /* TLPPiggyCharacter.m in Sources */ = {isa = PBXBuildFile; fileRef = 8EDDDC8F1824032400AAC5A8 /* TLPPiggyCharacter.m */; };
		8EDDDC941824034A00AAC5A8 /* TLPEnemyCharacter.m in Sources */ = {isa = PBXBuildFile; fileRef = 8EDDDC931824034A00AAC5A8 /* TLPEnemyCharacter.m */; };
		8EDDDC951824034A00AAC5A8 /* TLPEnemyCharacter.m in Sources */ = {isa = PBXBuildFile; fileRef = 8EDDDC931824034A00AAC5A8 /* TLPEnemyCharacter.m */; };
		8EDDDC981824036800AAC5A8 /* TLPCloudCharacter.m in Sources */ = {isa = PBXBuildFile; fileRef = 8EDDDC971824036800AAC5A8 /* TLPCloudCharacter.m */; };
		8EDDDC991824036800AAC5A8 /* TLPCloudCharacter.m in Sources */ = {isa = PBXBuildFile; fileRef = 8EDDDC971824036800AAC5A8 /* TLPCloudCharacter.m */; };
		8EDDDC9C182403E300AAC5A8 /* TLPParallaxSprite.m in Sources */ = {isa = PBXBuildFile; fileRef = 8EDDDC9B182403E300AAC5A8 /* TLPParallaxSprite.m */; };
		8EDDDC9D182403E300AAC5A8 /* TLPParallaxSprite.m in Sources */ = {isa = PBXBuildFile; fileRef = 8EDDDC9B182403E300AAC5A8 /* TLPParallaxSprite.m */; };
		8EDDDCB018240C0B00AAC5A8 /* placeholderImages.atlas in Resources */ = {isa = PBXBuildFile; fileRef = 8EDDDCAF18240C0B00AAC5A8 /* placeholderImages.atlas */; };
		8EDDDCB318240E2B00AAC5A8 /* TLPTestLevelScene.m in Sources */ = {isa = PBXBuildFile; fileRef = 8EDDDCB218240E2B00AAC5A8 /* TLPTestLevelScene.m */; };
		8EE97D6B1821782300B4324A /* Foundation.framework in Frameworks */ = {isa = PBXBuildFile; fileRef = 8EE97D6A1821782300B4324A /* Foundation.framework */; };
		8EE97D6D1821782300B4324A /* CoreGraphics.framework in Frameworks */ = {isa = PBXBuildFile; fileRef = 8EE97D6C1821782300B4324A /* CoreGraphics.framework */; };
		8EE97D6F1821782300B4324A /* UIKit.framework in Frameworks */ = {isa = PBXBuildFile; fileRef = 8EE97D6E1821782300B4324A /* UIKit.framework */; };
		8EE97D711821782400B4324A /* SpriteKit.framework in Frameworks */ = {isa = PBXBuildFile; fileRef = 8EE97D701821782400B4324A /* SpriteKit.framework */; };
		8EE97D771821782400B4324A /* InfoPlist.strings in Resources */ = {isa = PBXBuildFile; fileRef = 8EE97D751821782400B4324A /* InfoPlist.strings */; };
		8EE97D791821782400B4324A /* main.m in Sources */ = {isa = PBXBuildFile; fileRef = 8EE97D781821782400B4324A /* main.m */; };
		8EE97D801821782400B4324A /* Main.storyboard in Resources */ = {isa = PBXBuildFile; fileRef = 8EE97D7E1821782400B4324A /* Main.storyboard */; };
		8EE97D881821782400B4324A /* Spaceship.png in Resources */ = {isa = PBXBuildFile; fileRef = 8EE97D871821782400B4324A /* Spaceship.png */; };
		8EE97D8A1821782400B4324A /* Images.xcassets in Resources */ = {isa = PBXBuildFile; fileRef = 8EE97D891821782400B4324A /* Images.xcassets */; };
		8EE97D911821782400B4324A /* XCTest.framework in Frameworks */ = {isa = PBXBuildFile; fileRef = 8EE97D901821782400B4324A /* XCTest.framework */; };
		8EE97D921821782400B4324A /* Foundation.framework in Frameworks */ = {isa = PBXBuildFile; fileRef = 8EE97D6A1821782300B4324A /* Foundation.framework */; };
		8EE97D931821782400B4324A /* UIKit.framework in Frameworks */ = {isa = PBXBuildFile; fileRef = 8EE97D6E1821782300B4324A /* UIKit.framework */; };
		8EE97D9B1821782400B4324A /* InfoPlist.strings in Resources */ = {isa = PBXBuildFile; fileRef = 8EE97D991821782400B4324A /* InfoPlist.strings */; };
/* End PBXBuildFile section */

/* Begin PBXContainerItemProxy section */
		8EE97D941821782400B4324A /* PBXContainerItemProxy */ = {
			isa = PBXContainerItemProxy;
			containerPortal = 8EE97D5F1821782300B4324A /* Project object */;
			proxyType = 1;
			remoteGlobalIDString = 8EE97D661821782300B4324A;
			remoteInfo = ThisLittlePiggy;
		};
/* End PBXContainerItemProxy section */

/* Begin PBXFileReference section */
		8E8C148018234C2900B07048 /* TLPBaseLevelScene.h */ = {isa = PBXFileReference; fileEncoding = 4; lastKnownFileType = sourcecode.c.h; name = TLPBaseLevelScene.h; path = scenes/levels/TLPBaseLevelScene.h; sourceTree = "<group>"; };
		8E8C148118234C2900B07048 /* TLPBaseLevelScene.m */ = {isa = PBXFileReference; fileEncoding = 4; lastKnownFileType = sourcecode.c.objc; name = TLPBaseLevelScene.m; path = scenes/levels/TLPBaseLevelScene.m; sourceTree = "<group>"; };
		8E8C148618234EE300B07048 /* TLPBaseLevelSceneTests.m */ = {isa = PBXFileReference; fileEncoding = 4; lastKnownFileType = sourcecode.c.objc; name = TLPBaseLevelSceneTests.m; path = scenes/levels/TLPBaseLevelSceneTests.m; sourceTree = "<group>"; };
		8E8C1489182352CD00B07048 /* TLPPlayer.h */ = {isa = PBXFileReference; fileEncoding = 4; lastKnownFileType = sourcecode.c.h; name = TLPPlayer.h; path = scenes/TLPPlayer.h; sourceTree = "<group>"; };
		8E8C148A182352CD00B07048 /* TLPPlayer.m */ = {isa = PBXFileReference; fileEncoding = 4; lastKnownFileType = sourcecode.c.objc; name = TLPPlayer.m; path = scenes/TLPPlayer.m; sourceTree = "<group>"; };
		8EB1C49418271D400074AA95 /* TLPSpawnAI.h */ = {isa = PBXFileReference; fileEncoding = 4; lastKnownFileType = sourcecode.c.h; name = TLPSpawnAI.h; path = ai/TLPSpawnAI.h; sourceTree = "<group>"; };
		8EB1C49518271D400074AA95 /* TLPSpawnAI.m */ = {isa = PBXFileReference; fileEncoding = 4; lastKnownFileType = sourcecode.c.objc; name = TLPSpawnAI.m; path = ai/TLPSpawnAI.m; sourceTree = "<group>"; };
		8EB1C498182726880074AA95 /* TLPSkySprite.h */ = {isa = PBXFileReference; fileEncoding = 4; lastKnownFileType = sourcecode.c.h; name = TLPSkySprite.h; path = sprites/characters/TLPSkySprite.h; sourceTree = "<group>"; };
		8EB1C499182726880074AA95 /* TLPSkySprite.m */ = {isa = PBXFileReference; fileEncoding = 4; lastKnownFileType = sourcecode.c.objc; name = TLPSkySprite.m; path = sprites/characters/TLPSkySprite.m; sourceTree = "<group>"; };
		8ECE9BC018257CA60049763C /* UIColor+ThisLittlePiggy.h */ = {isa = PBXFileReference; fileEncoding = 4; lastKnownFileType = sourcecode.c.h; name = "UIColor+ThisLittlePiggy.h"; path = "globals/helpers/UIColor+ThisLittlePiggy.h"; sourceTree = "<group>"; };
		8ECE9BC118257CA60049763C /* UIColor+ThisLittlePiggy.m */ = {isa = PBXFileReference; fileEncoding = 4; lastKnownFileType = sourcecode.c.objc; name = "UIColor+ThisLittlePiggy.m"; path = "globals/helpers/UIColor+ThisLittlePiggy.m"; sourceTree = "<group>"; };
		8ECE9BC418258C070049763C /* TLPArtificialIntelligence.h */ = {isa = PBXFileReference; fileEncoding = 4; lastKnownFileType = sourcecode.c.h; name = TLPArtificialIntelligence.h; path = ai/TLPArtificialIntelligence.h; sourceTree = "<group>"; };
		8ECE9BC518258C070049763C /* TLPArtificialIntelligence.m */ = {isa = PBXFileReference; fileEncoding = 4; lastKnownFileType = sourcecode.c.objc; name = TLPArtificialIntelligence.m; path = ai/TLPArtificialIntelligence.m; sourceTree = "<group>"; };
		8ECE9BC818258D2D0049763C /* TLPWalkAI.h */ = {isa = PBXFileReference; fileEncoding = 4; lastKnownFileType = sourcecode.c.h; name = TLPWalkAI.h; path = ai/TLPWalkAI.h; sourceTree = "<group>"; };
		8ECE9BC918258D2D0049763C /* TLPWalkAI.m */ = {isa = PBXFileReference; fileEncoding = 4; lastKnownFileType = sourcecode.c.objc; name = TLPWalkAI.m; path = ai/TLPWalkAI.m; sourceTree = "<group>"; };
		8ECE9BCC18259DD70049763C /* TLPComputerControlledCharacter.h */ = {isa = PBXFileReference; fileEncoding = 4; lastKnownFileType = sourcecode.c.h; name = TLPComputerControlledCharacter.h; path = sprites/characters/TLPComputerControlledCharacter.h; sourceTree = "<group>"; };
		8ECE9BCD18259DD70049763C /* TLPComputerControlledCharacter.m */ = {isa = PBXFileReference; fileEncoding = 4; lastKnownFileType = sourcecode.c.objc; name = TLPComputerControlledCharacter.m; path = sprites/characters/TLPComputerControlledCharacter.m; sourceTree = "<group>"; };
		8ED7EDA31823E23100533439 /* TLPViewController.h */ = {isa = PBXFileReference; fileEncoding = 4; lastKnownFileType = sourcecode.c.h; name = TLPViewController.h; path = controllers/TLPViewController.h; sourceTree = "<group>"; };
		8ED7EDA41823E23100533439 /* TLPViewController.m */ = {isa = PBXFileReference; fileEncoding = 4; lastKnownFileType = sourcecode.c.objc; name = TLPViewController.m; path = controllers/TLPViewController.m; sourceTree = "<group>"; };
		8ED7EDAB1823E2FE00533439 /* TLPAppDelegate.h */ = {isa = PBXFileReference; fileEncoding = 4; lastKnownFileType = sourcecode.c.h; name = TLPAppDelegate.h; path = delegates/TLPAppDelegate.h; sourceTree = "<group>"; };
		8ED7EDAC1823E2FE00533439 /* TLPAppDelegate.m */ = {isa = PBXFileReference; fileEncoding = 4; lastKnownFileType = sourcecode.c.objc; name = TLPAppDelegate.m; path = delegates/TLPAppDelegate.m; sourceTree = "<group>"; };
		8ED7EDB11823F11300533439 /* TLPMockBaseLevelScene.h */ = {isa = PBXFileReference; fileEncoding = 4; lastKnownFileType = sourcecode.c.h; name = TLPMockBaseLevelScene.h; path = mocks/scenes/TLPMockBaseLevelScene.h; sourceTree = "<group>"; };
		8ED7EDB21823F11300533439 /* TLPMockBaseLevelScene.m */ = {isa = PBXFileReference; fileEncoding = 4; lastKnownFileType = sourcecode.c.objc; name = TLPMockBaseLevelScene.m; path = mocks/scenes/TLPMockBaseLevelScene.m; sourceTree = "<group>"; };
		8EDDDC86182402CD00AAC5A8 /* TLPCharacter.h */ = {isa = PBXFileReference; fileEncoding = 4; lastKnownFileType = sourcecode.c.h; name = TLPCharacter.h; path = sprites/characters/TLPCharacter.h; sourceTree = "<group>"; };
		8EDDDC87182402CD00AAC5A8 /* TLPCharacter.m */ = {isa = PBXFileReference; fileEncoding = 4; lastKnownFileType = sourcecode.c.objc; name = TLPCharacter.m; path = sprites/characters/TLPCharacter.m; sourceTree = "<group>"; };
		8EDDDC8A182402FE00AAC5A8 /* TLPUmbrellaCharacter.h */ = {isa = PBXFileReference; fileEncoding = 4; lastKnownFileType = sourcecode.c.h; name = TLPUmbrellaCharacter.h; path = sprites/characters/TLPUmbrellaCharacter.h; sourceTree = "<group>"; };
		8EDDDC8B182402FE00AAC5A8 /* TLPUmbrellaCharacter.m */ = {isa = PBXFileReference; fileEncoding = 4; lastKnownFileType = sourcecode.c.objc; name = TLPUmbrellaCharacter.m; path = sprites/characters/TLPUmbrellaCharacter.m; sourceTree = "<group>"; };
		8EDDDC8E1824032400AAC5A8 /* TLPPiggyCharacter.h */ = {isa = PBXFileReference; fileEncoding = 4; lastKnownFileType = sourcecode.c.h; name = TLPPiggyCharacter.h; path = sprites/characters/TLPPiggyCharacter.h; sourceTree = "<group>"; };
		8EDDDC8F1824032400AAC5A8 /* TLPPiggyCharacter.m */ = {isa = PBXFileReference; fileEncoding = 4; lastKnownFileType = sourcecode.c.objc; name = TLPPiggyCharacter.m; path = sprites/characters/TLPPiggyCharacter.m; sourceTree = "<group>"; };
		8EDDDC921824034A00AAC5A8 /* TLPEnemyCharacter.h */ = {isa = PBXFileReference; fileEncoding = 4; lastKnownFileType = sourcecode.c.h; name = TLPEnemyCharacter.h; path = sprites/characters/TLPEnemyCharacter.h; sourceTree = "<group>"; };
		8EDDDC931824034A00AAC5A8 /* TLPEnemyCharacter.m */ = {isa = PBXFileReference; fileEncoding = 4; lastKnownFileType = sourcecode.c.objc; name = TLPEnemyCharacter.m; path = sprites/characters/TLPEnemyCharacter.m; sourceTree = "<group>"; };
		8EDDDC961824036800AAC5A8 /* TLPCloudCharacter.h */ = {isa = PBXFileReference; fileEncoding = 4; lastKnownFileType = sourcecode.c.h; name = TLPCloudCharacter.h; path = sprites/characters/TLPCloudCharacter.h; sourceTree = "<group>"; };
		8EDDDC971824036800AAC5A8 /* TLPCloudCharacter.m */ = {isa = PBXFileReference; fileEncoding = 4; lastKnownFileType = sourcecode.c.objc; name = TLPCloudCharacter.m; path = sprites/characters/TLPCloudCharacter.m; sourceTree = "<group>"; };
		8EDDDC9A182403E300AAC5A8 /* TLPParallaxSprite.h */ = {isa = PBXFileReference; fileEncoding = 4; lastKnownFileType = sourcecode.c.h; name = TLPParallaxSprite.h; path = sprites/TLPParallaxSprite.h; sourceTree = "<group>"; };
		8EDDDC9B182403E300AAC5A8 /* TLPParallaxSprite.m */ = {isa = PBXFileReference; fileEncoding = 4; lastKnownFileType = sourcecode.c.objc; name = TLPParallaxSprite.m; path = sprites/TLPParallaxSprite.m; sourceTree = "<group>"; };
		8EDDDCAF18240C0B00AAC5A8 /* placeholderImages.atlas */ = {isa = PBXFileReference; lastKnownFileType = folder.skatlas; path = placeholderImages.atlas; sourceTree = "<group>"; };
		8EDDDCB118240E2B00AAC5A8 /* TLPTestLevelScene.h */ = {isa = PBXFileReference; fileEncoding = 4; lastKnownFileType = sourcecode.c.h; name = TLPTestLevelScene.h; path = scenes/levels/TLPTestLevelScene.h; sourceTree = "<group>"; };
		8EDDDCB218240E2B00AAC5A8 /* TLPTestLevelScene.m */ = {isa = PBXFileReference; fileEncoding = 4; lastKnownFileType = sourcecode.c.objc; name = TLPTestLevelScene.m; path = scenes/levels/TLPTestLevelScene.m; sourceTree = "<group>"; };
		8EE97D671821782300B4324A /* ThisLittlePiggy.app */ = {isa = PBXFileReference; explicitFileType = wrapper.application; includeInIndex = 0; path = ThisLittlePiggy.app; sourceTree = BUILT_PRODUCTS_DIR; };
		8EE97D6A1821782300B4324A /* Foundation.framework */ = {isa = PBXFileReference; lastKnownFileType = wrapper.framework; name = Foundation.framework; path = System/Library/Frameworks/Foundation.framework; sourceTree = SDKROOT; };
		8EE97D6C1821782300B4324A /* CoreGraphics.framework */ = {isa = PBXFileReference; lastKnownFileType = wrapper.framework; name = CoreGraphics.framework; path = System/Library/Frameworks/CoreGraphics.framework; sourceTree = SDKROOT; };
		8EE97D6E1821782300B4324A /* UIKit.framework */ = {isa = PBXFileReference; lastKnownFileType = wrapper.framework; name = UIKit.framework; path = System/Library/Frameworks/UIKit.framework; sourceTree = SDKROOT; };
		8EE97D701821782400B4324A /* SpriteKit.framework */ = {isa = PBXFileReference; lastKnownFileType = wrapper.framework; name = SpriteKit.framework; path = System/Library/Frameworks/SpriteKit.framework; sourceTree = SDKROOT; };
		8EE97D741821782400B4324A /* ThisLittlePiggy-Info.plist */ = {isa = PBXFileReference; lastKnownFileType = text.plist.xml; path = "ThisLittlePiggy-Info.plist"; sourceTree = "<group>"; };
		8EE97D761821782400B4324A /* en */ = {isa = PBXFileReference; lastKnownFileType = text.plist.strings; name = en; path = en.lproj/InfoPlist.strings; sourceTree = "<group>"; };
		8EE97D781821782400B4324A /* main.m */ = {isa = PBXFileReference; lastKnownFileType = sourcecode.c.objc; path = main.m; sourceTree = "<group>"; };
		8EE97D7A1821782400B4324A /* ThisLittlePiggy-Prefix.pch */ = {isa = PBXFileReference; lastKnownFileType = sourcecode.c.h; path = "ThisLittlePiggy-Prefix.pch"; sourceTree = "<group>"; };
		8EE97D7F1821782400B4324A /* Base */ = {isa = PBXFileReference; lastKnownFileType = file.storyboard; name = Base; path = Base.lproj/Main.storyboard; sourceTree = "<group>"; };
		8EE97D871821782400B4324A /* Spaceship.png */ = {isa = PBXFileReference; lastKnownFileType = image.png; path = Spaceship.png; sourceTree = "<group>"; };
		8EE97D891821782400B4324A /* Images.xcassets */ = {isa = PBXFileReference; lastKnownFileType = folder.assetcatalog; path = Images.xcassets; sourceTree = "<group>"; };
		8EE97D8F1821782400B4324A /* ThisLittlePiggyTests.xctest */ = {isa = PBXFileReference; explicitFileType = wrapper.cfbundle; includeInIndex = 0; path = ThisLittlePiggyTests.xctest; sourceTree = BUILT_PRODUCTS_DIR; };
		8EE97D901821782400B4324A /* XCTest.framework */ = {isa = PBXFileReference; lastKnownFileType = wrapper.framework; name = XCTest.framework; path = Library/Frameworks/XCTest.framework; sourceTree = DEVELOPER_DIR; };
		8EE97D981821782400B4324A /* ThisLittlePiggyTests-Info.plist */ = {isa = PBXFileReference; lastKnownFileType = text.plist.xml; path = "ThisLittlePiggyTests-Info.plist"; sourceTree = "<group>"; };
		8EE97D9A1821782400B4324A /* en */ = {isa = PBXFileReference; lastKnownFileType = text.plist.strings; name = en; path = en.lproj/InfoPlist.strings; sourceTree = "<group>"; };
/* End PBXFileReference section */

/* Begin PBXFrameworksBuildPhase section */
		8EE97D641821782300B4324A /* Frameworks */ = {
			isa = PBXFrameworksBuildPhase;
			buildActionMask = 2147483647;
			files = (
				8EE97D6D1821782300B4324A /* CoreGraphics.framework in Frameworks */,
				8EE97D6F1821782300B4324A /* UIKit.framework in Frameworks */,
				8EE97D711821782400B4324A /* SpriteKit.framework in Frameworks */,
				8EE97D6B1821782300B4324A /* Foundation.framework in Frameworks */,
			);
			runOnlyForDeploymentPostprocessing = 0;
		};
		8EE97D8C1821782400B4324A /* Frameworks */ = {
			isa = PBXFrameworksBuildPhase;
			buildActionMask = 2147483647;
			files = (
				8EE97D911821782400B4324A /* XCTest.framework in Frameworks */,
				8EE97D931821782400B4324A /* UIKit.framework in Frameworks */,
				8EE97D921821782400B4324A /* Foundation.framework in Frameworks */,
			);
			runOnlyForDeploymentPostprocessing = 0;
		};
/* End PBXFrameworksBuildPhase section */

/* Begin PBXGroup section */
		8E8C147F18234BFD00B07048 /* levels */ = {
			isa = PBXGroup;
			children = (
				8E8C148018234C2900B07048 /* TLPBaseLevelScene.h */,
				8E8C148118234C2900B07048 /* TLPBaseLevelScene.m */,
				8EDDDCB118240E2B00AAC5A8 /* TLPTestLevelScene.h */,
				8EDDDCB218240E2B00AAC5A8 /* TLPTestLevelScene.m */,
			);
			name = levels;
			sourceTree = "<group>";
		};
		8E8C148418234EB300B07048 /* scenes */ = {
			isa = PBXGroup;
			children = (
				8E8C148518234EBB00B07048 /* levels */,
			);
			name = scenes;
			sourceTree = "<group>";
		};
		8E8C148518234EBB00B07048 /* levels */ = {
			isa = PBXGroup;
			children = (
				8E8C148618234EE300B07048 /* TLPBaseLevelSceneTests.m */,
			);
			name = levels;
			sourceTree = "<group>";
		};
		8E8C14881823527600B07048 /* characters */ = {
			isa = PBXGroup;
			children = (
				8EDDDC86182402CD00AAC5A8 /* TLPCharacter.h */,
				8EDDDC87182402CD00AAC5A8 /* TLPCharacter.m */,
				8EDDDC961824036800AAC5A8 /* TLPCloudCharacter.h */,
				8EDDDC971824036800AAC5A8 /* TLPCloudCharacter.m */,
				8ECE9BCC18259DD70049763C /* TLPComputerControlledCharacter.h */,
				8ECE9BCD18259DD70049763C /* TLPComputerControlledCharacter.m */,
				8EDDDC921824034A00AAC5A8 /* TLPEnemyCharacter.h */,
				8EDDDC931824034A00AAC5A8 /* TLPEnemyCharacter.m */,
				8EDDDC8E1824032400AAC5A8 /* TLPPiggyCharacter.h */,
				8EDDDC8F1824032400AAC5A8 /* TLPPiggyCharacter.m */,
				8EB1C498182726880074AA95 /* TLPSkySprite.h */,
				8EB1C499182726880074AA95 /* TLPSkySprite.m */,
				8EDDDC8A182402FE00AAC5A8 /* TLPUmbrellaCharacter.h */,
				8EDDDC8B182402FE00AAC5A8 /* TLPUmbrellaCharacter.m */,
			);
			name = characters;
			sourceTree = "<group>";
		};
		8ECE9BBF18257C4E0049763C /* helpers */ = {
			isa = PBXGroup;
			children = (
				8ECE9BC018257CA60049763C /* UIColor+ThisLittlePiggy.h */,
				8ECE9BC118257CA60049763C /* UIColor+ThisLittlePiggy.m */,
			);
			name = helpers;
			sourceTree = "<group>";
		};
		8ECE9BC318258B840049763C /* ai */ = {
			isa = PBXGroup;
			children = (
				8ECE9BC418258C070049763C /* TLPArtificialIntelligence.h */,
				8ECE9BC518258C070049763C /* TLPArtificialIntelligence.m */,
				8EB1C49418271D400074AA95 /* TLPSpawnAI.h */,
				8EB1C49518271D400074AA95 /* TLPSpawnAI.m */,
				8ECE9BC818258D2D0049763C /* TLPWalkAI.h */,
				8ECE9BC918258D2D0049763C /* TLPWalkAI.m */,
			);
			name = ai;
			sourceTree = "<group>";
		};
		8ED7EDAF1823F0C700533439 /* mocks */ = {
			isa = PBXGroup;
			children = (
				8ED7EDB01823F0CE00533439 /* scenes */,
			);
			name = mocks;
			sourceTree = "<group>";
		};
		8ED7EDB01823F0CE00533439 /* scenes */ = {
			isa = PBXGroup;
			children = (
				8ED7EDB11823F11300533439 /* TLPMockBaseLevelScene.h */,
				8ED7EDB21823F11300533439 /* TLPMockBaseLevelScene.m */,
			);
			name = scenes;
			sourceTree = "<group>";
		};
		8EDDDC9E1824048D00AAC5A8 /* globals */ = {
			isa = PBXGroup;
			children = (
				8ECE9BBF18257C4E0049763C /* helpers */,
			);
			name = globals;
			sourceTree = "<group>";
		};
		8EDDDCAD18240C0B00AAC5A8 /* assets */ = {
			isa = PBXGroup;
			children = (
				8EDDDCAE18240C0B00AAC5A8 /* images */,
			);
			path = assets;
			sourceTree = "<group>";
		};
		8EDDDCAE18240C0B00AAC5A8 /* images */ = {
			isa = PBXGroup;
			children = (
				8EDDDCAF18240C0B00AAC5A8 /* placeholderImages.atlas */,
			);
			path = images;
			sourceTree = "<group>";
		};
		8EE97D5E1821782300B4324A = {
			isa = PBXGroup;
			children = (
				8EE97D721821782400B4324A /* ThisLittlePiggy */,
				8EE97D961821782400B4324A /* ThisLittlePiggyTests */,
				8EE97D691821782300B4324A /* Frameworks */,
				8EE97D681821782300B4324A /* Products */,
			);
			sourceTree = "<group>";
		};
		8EE97D681821782300B4324A /* Products */ = {
			isa = PBXGroup;
			children = (
				8EE97D671821782300B4324A /* ThisLittlePiggy.app */,
				8EE97D8F1821782400B4324A /* ThisLittlePiggyTests.xctest */,
			);
			name = Products;
			sourceTree = "<group>";
		};
		8EE97D691821782300B4324A /* Frameworks */ = {
			isa = PBXGroup;
			children = (
				8EE97D6A1821782300B4324A /* Foundation.framework */,
				8EE97D6C1821782300B4324A /* CoreGraphics.framework */,
				8EE97D6E1821782300B4324A /* UIKit.framework */,
				8EE97D701821782400B4324A /* SpriteKit.framework */,
				8EE97D901821782400B4324A /* XCTest.framework */,
			);
			name = Frameworks;
			sourceTree = "<group>";
		};
		8EE97D721821782400B4324A /* ThisLittlePiggy */ = {
			isa = PBXGroup;
			children = (
				8ECE9BC318258B840049763C /* ai */,
				8EDDDC9E1824048D00AAC5A8 /* globals */,
				8EE97DA9182179C800B4324A /* controllers */,
				8EE97DA81821798800B4324A /* delegates */,
				8EE97DA71821797400B4324A /* scenes */,
				8EE97DA61821795D00B4324A /* sprites */,
				8EE97D731821782400B4324A /* Supporting Files */,
			);
			path = ThisLittlePiggy;
			sourceTree = "<group>";
		};
		8EE97D731821782400B4324A /* Supporting Files */ = {
			isa = PBXGroup;
			children = (
				8EDDDCAD18240C0B00AAC5A8 /* assets */,
				8EE97D891821782400B4324A /* Images.xcassets */,
				8EE97D7E1821782400B4324A /* Main.storyboard */,
				8EE97D871821782400B4324A /* Spaceship.png */,
				8EE97D741821782400B4324A /* ThisLittlePiggy-Info.plist */,
				8EE97D751821782400B4324A /* InfoPlist.strings */,
				8EE97D781821782400B4324A /* main.m */,
				8EE97D7A1821782400B4324A /* ThisLittlePiggy-Prefix.pch */,
			);
			name = "Supporting Files";
			sourceTree = "<group>";
		};
		8EE97D961821782400B4324A /* ThisLittlePiggyTests */ = {
			isa = PBXGroup;
			children = (
				8ED7EDAF1823F0C700533439 /* mocks */,
				8E8C148418234EB300B07048 /* scenes */,
				8EE97D971821782400B4324A /* Supporting Files */,
			);
			path = ThisLittlePiggyTests;
			sourceTree = "<group>";
		};
		8EE97D971821782400B4324A /* Supporting Files */ = {
			isa = PBXGroup;
			children = (
				8EE97D981821782400B4324A /* ThisLittlePiggyTests-Info.plist */,
				8EE97D991821782400B4324A /* InfoPlist.strings */,
			);
			name = "Supporting Files";
			sourceTree = "<group>";
		};
		8EE97DA61821795D00B4324A /* sprites */ = {
			isa = PBXGroup;
			children = (
				8EDDDC9A182403E300AAC5A8 /* TLPParallaxSprite.h */,
				8EDDDC9B182403E300AAC5A8 /* TLPParallaxSprite.m */,
				8E8C14881823527600B07048 /* characters */,
			);
			name = sprites;
			sourceTree = "<group>";
		};
		8EE97DA71821797400B4324A /* scenes */ = {
			isa = PBXGroup;
			children = (
				8E8C147F18234BFD00B07048 /* levels */,
				8E8C1489182352CD00B07048 /* TLPPlayer.h */,
				8E8C148A182352CD00B07048 /* TLPPlayer.m */,
			);
			name = scenes;
			sourceTree = "<group>";
		};
		8EE97DA81821798800B4324A /* delegates */ = {
			isa = PBXGroup;
			children = (
				8ED7EDAB1823E2FE00533439 /* TLPAppDelegate.h */,
				8ED7EDAC1823E2FE00533439 /* TLPAppDelegate.m */,
			);
			name = delegates;
			sourceTree = "<group>";
		};
		8EE97DA9182179C800B4324A /* controllers */ = {
			isa = PBXGroup;
			children = (
				8ED7EDA31823E23100533439 /* TLPViewController.h */,
				8ED7EDA41823E23100533439 /* TLPViewController.m */,
			);
			name = controllers;
			sourceTree = "<group>";
		};
/* End PBXGroup section */

/* Begin PBXNativeTarget section */
		8EE97D661821782300B4324A /* ThisLittlePiggy */ = {
			isa = PBXNativeTarget;
			buildConfigurationList = 8EE97DA01821782400B4324A /* Build configuration list for PBXNativeTarget "ThisLittlePiggy" */;
			buildPhases = (
				8EE97D631821782300B4324A /* Sources */,
				8EE97D641821782300B4324A /* Frameworks */,
				8EE97D651821782300B4324A /* Resources */,
			);
			buildRules = (
			);
			dependencies = (
			);
			name = ThisLittlePiggy;
			productName = ThisLittlePiggy;
			productReference = 8EE97D671821782300B4324A /* ThisLittlePiggy.app */;
			productType = "com.apple.product-type.application";
		};
		8EE97D8E1821782400B4324A /* ThisLittlePiggyTests */ = {
			isa = PBXNativeTarget;
			buildConfigurationList = 8EE97DA31821782400B4324A /* Build configuration list for PBXNativeTarget "ThisLittlePiggyTests" */;
			buildPhases = (
				8EE97D8B1821782400B4324A /* Sources */,
				8EE97D8C1821782400B4324A /* Frameworks */,
				8EE97D8D1821782400B4324A /* Resources */,
			);
			buildRules = (
			);
			dependencies = (
				8EE97D951821782400B4324A /* PBXTargetDependency */,
			);
			name = ThisLittlePiggyTests;
			productName = ThisLittlePiggyTests;
			productReference = 8EE97D8F1821782400B4324A /* ThisLittlePiggyTests.xctest */;
			productType = "com.apple.product-type.bundle.unit-test";
		};
/* End PBXNativeTarget section */

/* Begin PBXProject section */
		8EE97D5F1821782300B4324A /* Project object */ = {
			isa = PBXProject;
			attributes = {
				CLASSPREFIX = TLP;
				LastUpgradeCheck = 0500;
				ORGANIZATIONNAME = 23bit;
				TargetAttributes = {
					8EE97D8E1821782400B4324A = {
						TestTargetID = 8EE97D661821782300B4324A;
					};
				};
			};
			buildConfigurationList = 8EE97D621821782300B4324A /* Build configuration list for PBXProject "ThisLittlePiggy" */;
			compatibilityVersion = "Xcode 3.2";
			developmentRegion = English;
			hasScannedForEncodings = 0;
			knownRegions = (
				en,
				Base,
			);
			mainGroup = 8EE97D5E1821782300B4324A;
			productRefGroup = 8EE97D681821782300B4324A /* Products */;
			projectDirPath = "";
			projectRoot = "";
			targets = (
				8EE97D661821782300B4324A /* ThisLittlePiggy */,
				8EE97D8E1821782400B4324A /* ThisLittlePiggyTests */,
			);
		};
/* End PBXProject section */

/* Begin PBXResourcesBuildPhase section */
		8EE97D651821782300B4324A /* Resources */ = {
			isa = PBXResourcesBuildPhase;
			buildActionMask = 2147483647;
			files = (
				8EE97D771821782400B4324A /* InfoPlist.strings in Resources */,
				8EE97D8A1821782400B4324A /* Images.xcassets in Resources */,
				8EDDDCB018240C0B00AAC5A8 /* placeholderImages.atlas in Resources */,
				8EE97D881821782400B4324A /* Spaceship.png in Resources */,
				8EE97D801821782400B4324A /* Main.storyboard in Resources */,
			);
			runOnlyForDeploymentPostprocessing = 0;
		};
		8EE97D8D1821782400B4324A /* Resources */ = {
			isa = PBXResourcesBuildPhase;
			buildActionMask = 2147483647;
			files = (
				8EE97D9B1821782400B4324A /* InfoPlist.strings in Resources */,
			);
			runOnlyForDeploymentPostprocessing = 0;
		};
/* End PBXResourcesBuildPhase section */

/* Begin PBXSourcesBuildPhase section */
		8EE97D631821782300B4324A /* Sources */ = {
			isa = PBXSourcesBuildPhase;
			buildActionMask = 2147483647;
			files = (
				8EB1C49618271D400074AA95 /* TLPSpawnAI.m in Sources */,
				8E8C148B182352CD00B07048 /* TLPPlayer.m in Sources */,
				8ED7EDB31823F11300533439 /* TLPMockBaseLevelScene.m in Sources */,
				8ECE9BCE18259DD70049763C /* TLPComputerControlledCharacter.m in Sources */,
				8EDDDC901824032400AAC5A8 /* TLPPiggyCharacter.m in Sources */,
				8EDDDC8C182402FE00AAC5A8 /* TLPUmbrellaCharacter.m in Sources */,
				8EDDDC88182402CD00AAC5A8 /* TLPCharacter.m in Sources */,
				8EDDDC981824036800AAC5A8 /* TLPCloudCharacter.m in Sources */,
				8ECE9BC618258C070049763C /* TLPArtificialIntelligence.m in Sources */,
				8EDDDC9C182403E300AAC5A8 /* TLPParallaxSprite.m in Sources */,
				8EDDDC941824034A00AAC5A8 /* TLPEnemyCharacter.m in Sources */,
				8ED7EDAD1823E2FE00533439 /* TLPAppDelegate.m in Sources */,
				8EB1C49A182726880074AA95 /* TLPSkySprite.m in Sources */,
				8EE97D791821782400B4324A /* main.m in Sources */,
				8EDDDCB318240E2B00AAC5A8 /* TLPTestLevelScene.m in Sources */,
				8ED7EDA51823E23100533439 /* TLPViewController.m in Sources */,
				8ECE9BC218257CA60049763C /* UIColor+ThisLittlePiggy.m in Sources */,
				8E8C148218234C2900B07048 /* TLPBaseLevelScene.m in Sources */,
				8ECE9BCA18258D2D0049763C /* TLPWalkAI.m in Sources */,
			);
			runOnlyForDeploymentPostprocessing = 0;
		};
		8EE97D8B1821782400B4324A /* Sources */ = {
			isa = PBXSourcesBuildPhase;
			buildActionMask = 2147483647;
			files = (
				8EB1C49B182726880074AA95 /* TLPSkySprite.m in Sources */,
				8ED7EDAE1823E2FE00533439 /* TLPAppDelegate.m in Sources */,
				8ED7EDB41823F11300533439 /* TLPMockBaseLevelScene.m in Sources */,
				8EDDDC911824032400AAC5A8 /* TLPPiggyCharacter.m in Sources */,
				8EDDDC8D182402FE00AAC5A8 /* TLPUmbrellaCharacter.m in Sources */,
				8EDDDC89182402CD00AAC5A8 /* TLPCharacter.m in Sources */,
				8ECE9BCB18258D2D0049763C /* TLPWalkAI.m in Sources */,
				8ECE9BC718258C070049763C /* TLPArtificialIntelligence.m in Sources */,
				8EDDDC991824036800AAC5A8 /* TLPCloudCharacter.m in Sources */,
				8EDDDC9D182403E300AAC5A8 /* TLPParallaxSprite.m in Sources */,
				8EDDDC951824034A00AAC5A8 /* TLPEnemyCharacter.m in Sources */,
				8EB1C49718271D400074AA95 /* TLPSpawnAI.m in Sources */,
				8ECE9BCF18259DD70049763C /* TLPComputerControlledCharacter.m in Sources */,
				8E8C148718234EE300B07048 /* TLPBaseLevelSceneTests.m in Sources */,
				8ED7EDA61823E23100533439 /* TLPViewController.m in Sources */,
				8E8C148318234C2900B07048 /* TLPBaseLevelScene.m in Sources */,
				8E8C148C182352CD00B07048 /* TLPPlayer.m in Sources */,
			);
			runOnlyForDeploymentPostprocessing = 0;
		};
/* End PBXSourcesBuildPhase section */

/* Begin PBXTargetDependency section */
		8EE97D951821782400B4324A /* PBXTargetDependency */ = {
			isa = PBXTargetDependency;
			target = 8EE97D661821782300B4324A /* ThisLittlePiggy */;
			targetProxy = 8EE97D941821782400B4324A /* PBXContainerItemProxy */;
		};
/* End PBXTargetDependency section */

/* Begin PBXVariantGroup section */
		8EE97D751821782400B4324A /* InfoPlist.strings */ = {
			isa = PBXVariantGroup;
			children = (
				8EE97D761821782400B4324A /* en */,
			);
			name = InfoPlist.strings;
			sourceTree = "<group>";
		};
		8EE97D7E1821782400B4324A /* Main.storyboard */ = {
			isa = PBXVariantGroup;
			children = (
				8EE97D7F1821782400B4324A /* Base */,
			);
			name = Main.storyboard;
			sourceTree = "<group>";
		};
		8EE97D991821782400B4324A /* InfoPlist.strings */ = {
			isa = PBXVariantGroup;
			children = (
				8EE97D9A1821782400B4324A /* en */,
			);
			name = InfoPlist.strings;
			sourceTree = "<group>";
		};
/* End PBXVariantGroup section */

/* Begin XCBuildConfiguration section */
		8EE97D9E1821782400B4324A /* Debug */ = {
			isa = XCBuildConfiguration;
			buildSettings = {
				ALWAYS_SEARCH_USER_PATHS = NO;
				ARCHS = "$(ARCHS_STANDARD_INCLUDING_64_BIT)";
				CLANG_CXX_LANGUAGE_STANDARD = "gnu++0x";
				CLANG_CXX_LIBRARY = "libc++";
				CLANG_ENABLE_MODULES = YES;
				CLANG_ENABLE_OBJC_ARC = YES;
				CLANG_WARN_BOOL_CONVERSION = YES;
				CLANG_WARN_CONSTANT_CONVERSION = YES;
				CLANG_WARN_DIRECT_OBJC_ISA_USAGE = YES_ERROR;
				CLANG_WARN_EMPTY_BODY = YES;
				CLANG_WARN_ENUM_CONVERSION = YES;
				CLANG_WARN_INT_CONVERSION = YES;
				CLANG_WARN_OBJC_ROOT_CLASS = YES_ERROR;
				CLANG_WARN__DUPLICATE_METHOD_MATCH = YES;
				"CODE_SIGN_IDENTITY[sdk=iphoneos*]" = "iPhone Developer";
				COPY_PHASE_STRIP = NO;
				GCC_C_LANGUAGE_STANDARD = gnu99;
				GCC_DYNAMIC_NO_PIC = NO;
				GCC_OPTIMIZATION_LEVEL = 0;
				GCC_PREPROCESSOR_DEFINITIONS = (
					"DEBUG=1",
					"$(inherited)",
				);
				GCC_SYMBOLS_PRIVATE_EXTERN = NO;
				GCC_WARN_64_TO_32_BIT_CONVERSION = YES;
				GCC_WARN_ABOUT_RETURN_TYPE = YES_ERROR;
				GCC_WARN_UNDECLARED_SELECTOR = YES;
				GCC_WARN_UNINITIALIZED_AUTOS = YES;
				GCC_WARN_UNUSED_FUNCTION = YES;
				GCC_WARN_UNUSED_VARIABLE = YES;
				IPHONEOS_DEPLOYMENT_TARGET = 7.0;
				ONLY_ACTIVE_ARCH = YES;
				SDKROOT = iphoneos;
				TARGETED_DEVICE_FAMILY = 2;
			};
			name = Debug;
		};
		8EE97D9F1821782400B4324A /* Release */ = {
			isa = XCBuildConfiguration;
			buildSettings = {
				ALWAYS_SEARCH_USER_PATHS = NO;
				ARCHS = "$(ARCHS_STANDARD_INCLUDING_64_BIT)";
				CLANG_CXX_LANGUAGE_STANDARD = "gnu++0x";
				CLANG_CXX_LIBRARY = "libc++";
				CLANG_ENABLE_MODULES = YES;
				CLANG_ENABLE_OBJC_ARC = YES;
				CLANG_WARN_BOOL_CONVERSION = YES;
				CLANG_WARN_CONSTANT_CONVERSION = YES;
				CLANG_WARN_DIRECT_OBJC_ISA_USAGE = YES_ERROR;
				CLANG_WARN_EMPTY_BODY = YES;
				CLANG_WARN_ENUM_CONVERSION = YES;
				CLANG_WARN_INT_CONVERSION = YES;
				CLANG_WARN_OBJC_ROOT_CLASS = YES_ERROR;
				CLANG_WARN__DUPLICATE_METHOD_MATCH = YES;
				"CODE_SIGN_IDENTITY[sdk=iphoneos*]" = "iPhone Developer";
				COPY_PHASE_STRIP = YES;
				ENABLE_NS_ASSERTIONS = NO;
				GCC_C_LANGUAGE_STANDARD = gnu99;
				GCC_WARN_64_TO_32_BIT_CONVERSION = YES;
				GCC_WARN_ABOUT_RETURN_TYPE = YES_ERROR;
				GCC_WARN_UNDECLARED_SELECTOR = YES;
				GCC_WARN_UNINITIALIZED_AUTOS = YES;
				GCC_WARN_UNUSED_FUNCTION = YES;
				GCC_WARN_UNUSED_VARIABLE = YES;
				IPHONEOS_DEPLOYMENT_TARGET = 7.0;
				SDKROOT = iphoneos;
				TARGETED_DEVICE_FAMILY = 2;
				VALIDATE_PRODUCT = YES;
			};
			name = Release;
		};
		8EE97DA11821782400B4324A /* Debug */ = {
			isa = XCBuildConfiguration;
			buildSettings = {
				ASSETCATALOG_COMPILER_APPICON_NAME = AppIcon;
				ASSETCATALOG_COMPILER_LAUNCHIMAGE_NAME = LaunchImage;
				GCC_PRECOMPILE_PREFIX_HEADER = YES;
				GCC_PREFIX_HEADER = "ThisLittlePiggy/ThisLittlePiggy-Prefix.pch";
				INFOPLIST_FILE = "ThisLittlePiggy/ThisLittlePiggy-Info.plist";
				PRODUCT_NAME = "$(TARGET_NAME)";
				SPRITEKIT_TEXTURE_ATLAS_OUTPUT = YES;
				WRAPPER_EXTENSION = app;
			};
			name = Debug;
		};
		8EE97DA21821782400B4324A /* Release */ = {
			isa = XCBuildConfiguration;
			buildSettings = {
				ASSETCATALOG_COMPILER_APPICON_NAME = AppIcon;
				ASSETCATALOG_COMPILER_LAUNCHIMAGE_NAME = LaunchImage;
				GCC_PRECOMPILE_PREFIX_HEADER = YES;
				GCC_PREFIX_HEADER = "ThisLittlePiggy/ThisLittlePiggy-Prefix.pch";
				INFOPLIST_FILE = "ThisLittlePiggy/ThisLittlePiggy-Info.plist";
				PRODUCT_NAME = "$(TARGET_NAME)";
				SPRITEKIT_TEXTURE_ATLAS_OUTPUT = YES;
				WRAPPER_EXTENSION = app;
			};
			name = Release;
		};
		8EE97DA41821782400B4324A /* Debug */ = {
			isa = XCBuildConfiguration;
			buildSettings = {
				ARCHS = "$(ARCHS_STANDARD_INCLUDING_64_BIT)";
				BUNDLE_LOADER = "$(BUILT_PRODUCTS_DIR)/ThisLittlePiggy.app/ThisLittlePiggy";
				FRAMEWORK_SEARCH_PATHS = (
					"$(SDKROOT)/Developer/Library/Frameworks",
					"$(inherited)",
					"$(DEVELOPER_FRAMEWORKS_DIR)",
				);
				GCC_PRECOMPILE_PREFIX_HEADER = YES;
				GCC_PREFIX_HEADER = "ThisLittlePiggy/ThisLittlePiggy-Prefix.pch";
				GCC_PREPROCESSOR_DEFINITIONS = (
					"DEBUG=1",
					"$(inherited)",
				);
				INFOPLIST_FILE = "ThisLittlePiggyTests/ThisLittlePiggyTests-Info.plist";
				PRODUCT_NAME = "$(TARGET_NAME)";
				TEST_HOST = "$(BUNDLE_LOADER)";
				WRAPPER_EXTENSION = xctest;
			};
			name = Debug;
		};
		8EE97DA51821782400B4324A /* Release */ = {
			isa = XCBuildConfiguration;
			buildSettings = {
				ARCHS = "$(ARCHS_STANDARD_INCLUDING_64_BIT)";
				BUNDLE_LOADER = "$(BUILT_PRODUCTS_DIR)/ThisLittlePiggy.app/ThisLittlePiggy";
				FRAMEWORK_SEARCH_PATHS = (
					"$(SDKROOT)/Developer/Library/Frameworks",
					"$(inherited)",
					"$(DEVELOPER_FRAMEWORKS_DIR)",
				);
				GCC_PRECOMPILE_PREFIX_HEADER = YES;
				GCC_PREFIX_HEADER = "ThisLittlePiggy/ThisLittlePiggy-Prefix.pch";
				INFOPLIST_FILE = "ThisLittlePiggyTests/ThisLittlePiggyTests-Info.plist";
				PRODUCT_NAME = "$(TARGET_NAME)";
				TEST_HOST = "$(BUNDLE_LOADER)";
				WRAPPER_EXTENSION = xctest;
			};
			name = Release;
		};
/* End XCBuildConfiguration section */

/* Begin XCConfigurationList section */
		8EE97D621821782300B4324A /* Build configuration list for PBXProject "ThisLittlePiggy" */ = {
			isa = XCConfigurationList;
			buildConfigurations = (
				8EE97D9E1821782400B4324A /* Debug */,
				8EE97D9F1821782400B4324A /* Release */,
			);
			defaultConfigurationIsVisible = 0;
			defaultConfigurationName = Release;
		};
		8EE97DA01821782400B4324A /* Build configuration list for PBXNativeTarget "ThisLittlePiggy" */ = {
			isa = XCConfigurationList;
			buildConfigurations = (
				8EE97DA11821782400B4324A /* Debug */,
				8EE97DA21821782400B4324A /* Release */,
			);
			defaultConfigurationIsVisible = 0;
			defaultConfigurationName = Release;
		};
		8EE97DA31821782400B4324A /* Build configuration list for PBXNativeTarget "ThisLittlePiggyTests" */ = {
			isa = XCConfigurationList;
			buildConfigurations = (
				8EE97DA41821782400B4324A /* Debug */,
				8EE97DA51821782400B4324A /* Release */,
			);
			defaultConfigurationIsVisible = 0;
			defaultConfigurationName = Release;
		};
/* End XCConfigurationList section */
	};
	rootObject = 8EE97D5F1821782300B4324A /* Project object */;
}
