// !$*UTF8*$!
{
	archiveVersion = 1;
	classes = {
	};
	objectVersion = 46;
	objects = {

/* Begin PBXBuildFile section */
		8E13D0D8182A937F0018FF62 /* TLPAppDelegate.m in Sources */ = {isa = PBXBuildFile; fileRef = 8E13D0D7182A937F0018FF62 /* TLPAppDelegate.m */; };
		8E13D0DB182A938A0018FF62 /* TLPViewController.m in Sources */ = {isa = PBXBuildFile; fileRef = 8E13D0DA182A938A0018FF62 /* TLPViewController.m */; };
		8E13D0DC182A94840018FF62 /* UIColor+ThisLittlePiggy.m in Sources */ = {isa = PBXBuildFile; fileRef = 8ECE9BC118257CA60049763C /* UIColor+ThisLittlePiggy.m */; };
		8E75DFB61829A20600BCCDC1 /* Foundation.framework in Frameworks */ = {isa = PBXBuildFile; fileRef = 8EE97D6A1821782300B4324A /* Foundation.framework */; };
		8E75DFB71829A20600BCCDC1 /* CoreGraphics.framework in Frameworks */ = {isa = PBXBuildFile; fileRef = 8EE97D6C1821782300B4324A /* CoreGraphics.framework */; };
		8E75DFB81829A20600BCCDC1 /* UIKit.framework in Frameworks */ = {isa = PBXBuildFile; fileRef = 8EE97D6E1821782300B4324A /* UIKit.framework */; };
		8E75DFB91829A20600BCCDC1 /* SpriteKit.framework in Frameworks */ = {isa = PBXBuildFile; fileRef = 8EE97D701821782400B4324A /* SpriteKit.framework */; };
		8E75DFBF1829A20600BCCDC1 /* InfoPlist.strings in Resources */ = {isa = PBXBuildFile; fileRef = 8E75DFBD1829A20600BCCDC1 /* InfoPlist.strings */; };
		8E75DFC11829A20600BCCDC1 /* main.m in Sources */ = {isa = PBXBuildFile; fileRef = 8E75DFC01829A20600BCCDC1 /* main.m */; };
		8E75DFC81829A20600BCCDC1 /* Main.storyboard in Resources */ = {isa = PBXBuildFile; fileRef = 8E75DFC61829A20600BCCDC1 /* Main.storyboard */; };
		8E75DFD01829A20600BCCDC1 /* Spaceship.png in Resources */ = {isa = PBXBuildFile; fileRef = 8E75DFCF1829A20600BCCDC1 /* Spaceship.png */; };
		8E75DFD21829A20600BCCDC1 /* Images.xcassets in Resources */ = {isa = PBXBuildFile; fileRef = 8E75DFD11829A20600BCCDC1 /* Images.xcassets */; };
		8E75DFD81829A20600BCCDC1 /* XCTest.framework in Frameworks */ = {isa = PBXBuildFile; fileRef = 8EE97D901821782400B4324A /* XCTest.framework */; };
		8E75DFD91829A20600BCCDC1 /* Foundation.framework in Frameworks */ = {isa = PBXBuildFile; fileRef = 8EE97D6A1821782300B4324A /* Foundation.framework */; };
		8E75DFDA1829A20600BCCDC1 /* UIKit.framework in Frameworks */ = {isa = PBXBuildFile; fileRef = 8EE97D6E1821782300B4324A /* UIKit.framework */; };
		8E75DFE21829A20600BCCDC1 /* InfoPlist.strings in Resources */ = {isa = PBXBuildFile; fileRef = 8E75DFE01829A20600BCCDC1 /* InfoPlist.strings */; };
		8E75DFE41829A20600BCCDC1 /* ThisLittlePiggyLevelEditorTests.m in Sources */ = {isa = PBXBuildFile; fileRef = 8E75DFE31829A20600BCCDC1 /* ThisLittlePiggyLevelEditorTests.m */; };
		8E75DFF81829A5BB00BCCDC1 /* TLPFileHelper.m in Sources */ = {isa = PBXBuildFile; fileRef = 8E75DFF71829A5BB00BCCDC1 /* TLPFileHelper.m */; };
		8E75DFF91829A5BB00BCCDC1 /* TLPFileHelper.m in Sources */ = {isa = PBXBuildFile; fileRef = 8E75DFF71829A5BB00BCCDC1 /* TLPFileHelper.m */; };
		8E75DFFD1829A9BD00BCCDC1 /* TLPAbstractModel.m in Sources */ = {isa = PBXBuildFile; fileRef = 8E75DFFC1829A9BD00BCCDC1 /* TLPAbstractModel.m */; };
		8E75DFFE1829A9BD00BCCDC1 /* TLPAbstractModel.m in Sources */ = {isa = PBXBuildFile; fileRef = 8E75DFFC1829A9BD00BCCDC1 /* TLPAbstractModel.m */; };
		8E75E0011829AA0600BCCDC1 /* TLPCloudModel.m in Sources */ = {isa = PBXBuildFile; fileRef = 8E75E0001829AA0600BCCDC1 /* TLPCloudModel.m */; };
		8E75E0021829AA0600BCCDC1 /* TLPCloudModel.m in Sources */ = {isa = PBXBuildFile; fileRef = 8E75E0001829AA0600BCCDC1 /* TLPCloudModel.m */; };
		8E75E0061829ABD400BCCDC1 /* TLPLevelHandler.m in Sources */ = {isa = PBXBuildFile; fileRef = 8E75E0051829ABD400BCCDC1 /* TLPLevelHandler.m */; };
		8E75E0071829ABD400BCCDC1 /* TLPLevelHandler.m in Sources */ = {isa = PBXBuildFile; fileRef = 8E75E0051829ABD400BCCDC1 /* TLPLevelHandler.m */; };
		8E75E00B1829B8F900BCCDC1 /* level0.xml in Resources */ = {isa = PBXBuildFile; fileRef = 8E75E00A1829B8F900BCCDC1 /* level0.xml */; };
		8E75E00C1829B8F900BCCDC1 /* level0.xml in Resources */ = {isa = PBXBuildFile; fileRef = 8E75E00A1829B8F900BCCDC1 /* level0.xml */; };
		8E8C148218234C2900B07048 /* TLPBaseLevelScene.m in Sources */ = {isa = PBXBuildFile; fileRef = 8E8C148118234C2900B07048 /* TLPBaseLevelScene.m */; };
		8E8C148318234C2900B07048 /* TLPBaseLevelScene.m in Sources */ = {isa = PBXBuildFile; fileRef = 8E8C148118234C2900B07048 /* TLPBaseLevelScene.m */; };
		8E8C148718234EE300B07048 /* TLPBaseLevelSceneTests.m in Sources */ = {isa = PBXBuildFile; fileRef = 8E8C148618234EE300B07048 /* TLPBaseLevelSceneTests.m */; };
		8E8C148B182352CD00B07048 /* TLPPlayer.m in Sources */ = {isa = PBXBuildFile; fileRef = 8E8C148A182352CD00B07048 /* TLPPlayer.m */; };
		8E8C148C182352CD00B07048 /* TLPPlayer.m in Sources */ = {isa = PBXBuildFile; fileRef = 8E8C148A182352CD00B07048 /* TLPPlayer.m */; };
		8E904F8E1830329B0052A43C /* TLPLevelCreationSizeView.m in Sources */ = {isa = PBXBuildFile; fileRef = 8E904F8D1830329B0052A43C /* TLPLevelCreationSizeView.m */; };
		8E904F91183033990052A43C /* TLPLevelCreationPanelView.m in Sources */ = {isa = PBXBuildFile; fileRef = 8E904F90183033990052A43C /* TLPLevelCreationPanelView.m */; };
		8EB1C49618271D400074AA95 /* TLPSpawnAI.m in Sources */ = {isa = PBXBuildFile; fileRef = 8EB1C49518271D400074AA95 /* TLPSpawnAI.m */; };
		8EB1C49718271D400074AA95 /* TLPSpawnAI.m in Sources */ = {isa = PBXBuildFile; fileRef = 8EB1C49518271D400074AA95 /* TLPSpawnAI.m */; };
		8EB1C49A182726880074AA95 /* TLPSky.m in Sources */ = {isa = PBXBuildFile; fileRef = 8EB1C499182726880074AA95 /* TLPSky.m */; };
		8EB1C49B182726880074AA95 /* TLPSky.m in Sources */ = {isa = PBXBuildFile; fileRef = 8EB1C499182726880074AA95 /* TLPSky.m */; };
		8ECE9BC218257CA60049763C /* UIColor+ThisLittlePiggy.m in Sources */ = {isa = PBXBuildFile; fileRef = 8ECE9BC118257CA60049763C /* UIColor+ThisLittlePiggy.m */; };
		8ECE9BC618258C070049763C /* TLPArtificialIntelligence.m in Sources */ = {isa = PBXBuildFile; fileRef = 8ECE9BC518258C070049763C /* TLPArtificialIntelligence.m */; };
		8ECE9BC718258C070049763C /* TLPArtificialIntelligence.m in Sources */ = {isa = PBXBuildFile; fileRef = 8ECE9BC518258C070049763C /* TLPArtificialIntelligence.m */; };
		8ECE9BCA18258D2D0049763C /* TLPWalkAI.m in Sources */ = {isa = PBXBuildFile; fileRef = 8ECE9BC918258D2D0049763C /* TLPWalkAI.m */; };
		8ECE9BCB18258D2D0049763C /* TLPWalkAI.m in Sources */ = {isa = PBXBuildFile; fileRef = 8ECE9BC918258D2D0049763C /* TLPWalkAI.m */; };
		8ECE9BCE18259DD70049763C /* TLPComputerControlledCharacter.m in Sources */ = {isa = PBXBuildFile; fileRef = 8ECE9BCD18259DD70049763C /* TLPComputerControlledCharacter.m */; };
		8ECE9BCF18259DD70049763C /* TLPComputerControlledCharacter.m in Sources */ = {isa = PBXBuildFile; fileRef = 8ECE9BCD18259DD70049763C /* TLPComputerControlledCharacter.m */; };
		8ED7EDA51823E23100533439 /* TLPViewController.m in Sources */ = {isa = PBXBuildFile; fileRef = 8ED7EDA41823E23100533439 /* TLPViewController.m */; };
		8ED7EDA61823E23100533439 /* TLPViewController.m in Sources */ = {isa = PBXBuildFile; fileRef = 8ED7EDA41823E23100533439 /* TLPViewController.m */; };
		8ED7EDAD1823E2FE00533439 /* TLPAppDelegate.m in Sources */ = {isa = PBXBuildFile; fileRef = 8ED7EDAC1823E2FE00533439 /* TLPAppDelegate.m */; };
		8ED7EDAE1823E2FE00533439 /* TLPAppDelegate.m in Sources */ = {isa = PBXBuildFile; fileRef = 8ED7EDAC1823E2FE00533439 /* TLPAppDelegate.m */; };
		8ED7EDB31823F11300533439 /* TLPMockBaseLevelScene.m in Sources */ = {isa = PBXBuildFile; fileRef = 8ED7EDB21823F11300533439 /* TLPMockBaseLevelScene.m */; };
		8ED7EDB41823F11300533439 /* TLPMockBaseLevelScene.m in Sources */ = {isa = PBXBuildFile; fileRef = 8ED7EDB21823F11300533439 /* TLPMockBaseLevelScene.m */; };
		8EDDDC88182402CD00AAC5A8 /* TLPCharacter.m in Sources */ = {isa = PBXBuildFile; fileRef = 8EDDDC87182402CD00AAC5A8 /* TLPCharacter.m */; };
		8EDDDC89182402CD00AAC5A8 /* TLPCharacter.m in Sources */ = {isa = PBXBuildFile; fileRef = 8EDDDC87182402CD00AAC5A8 /* TLPCharacter.m */; };
		8EDDDC8C182402FE00AAC5A8 /* TLPUmbrellaCharacter.m in Sources */ = {isa = PBXBuildFile; fileRef = 8EDDDC8B182402FE00AAC5A8 /* TLPUmbrellaCharacter.m */; };
		8EDDDC8D182402FE00AAC5A8 /* TLPUmbrellaCharacter.m in Sources */ = {isa = PBXBuildFile; fileRef = 8EDDDC8B182402FE00AAC5A8 /* TLPUmbrellaCharacter.m */; };
		8EDDDC901824032400AAC5A8 /* TLPPiggyCharacter.m in Sources */ = {isa = PBXBuildFile; fileRef = 8EDDDC8F1824032400AAC5A8 /* TLPPiggyCharacter.m */; };
		8EDDDC911824032400AAC5A8 /* TLPPiggyCharacter.m in Sources */ = {isa = PBXBuildFile; fileRef = 8EDDDC8F1824032400AAC5A8 /* TLPPiggyCharacter.m */; };
		8EDDDC941824034A00AAC5A8 /* TLPEnemyCharacter.m in Sources */ = {isa = PBXBuildFile; fileRef = 8EDDDC931824034A00AAC5A8 /* TLPEnemyCharacter.m */; };
		8EDDDC951824034A00AAC5A8 /* TLPEnemyCharacter.m in Sources */ = {isa = PBXBuildFile; fileRef = 8EDDDC931824034A00AAC5A8 /* TLPEnemyCharacter.m */; };
		8EDDDC981824036800AAC5A8 /* TLPCloudCharacter.m in Sources */ = {isa = PBXBuildFile; fileRef = 8EDDDC971824036800AAC5A8 /* TLPCloudCharacter.m */; };
		8EDDDC991824036800AAC5A8 /* TLPCloudCharacter.m in Sources */ = {isa = PBXBuildFile; fileRef = 8EDDDC971824036800AAC5A8 /* TLPCloudCharacter.m */; };
		8EDDDC9C182403E300AAC5A8 /* TLPParallaxSprite.m in Sources */ = {isa = PBXBuildFile; fileRef = 8EDDDC9B182403E300AAC5A8 /* TLPParallaxSprite.m */; };
		8EDDDC9D182403E300AAC5A8 /* TLPParallaxSprite.m in Sources */ = {isa = PBXBuildFile; fileRef = 8EDDDC9B182403E300AAC5A8 /* TLPParallaxSprite.m */; };
		8EDDDCB018240C0B00AAC5A8 /* placeholderImages.atlas in Resources */ = {isa = PBXBuildFile; fileRef = 8EDDDCAF18240C0B00AAC5A8 /* placeholderImages.atlas */; };
		8EDDDCB318240E2B00AAC5A8 /* TLPTestLevelScene.m in Sources */ = {isa = PBXBuildFile; fileRef = 8EDDDCB218240E2B00AAC5A8 /* TLPTestLevelScene.m */; };
		8EE97D6B1821782300B4324A /* Foundation.framework in Frameworks */ = {isa = PBXBuildFile; fileRef = 8EE97D6A1821782300B4324A /* Foundation.framework */; };
		8EE97D6D1821782300B4324A /* CoreGraphics.framework in Frameworks */ = {isa = PBXBuildFile; fileRef = 8EE97D6C1821782300B4324A /* CoreGraphics.framework */; };
		8EE97D6F1821782300B4324A /* UIKit.framework in Frameworks */ = {isa = PBXBuildFile; fileRef = 8EE97D6E1821782300B4324A /* UIKit.framework */; };
		8EE97D711821782400B4324A /* SpriteKit.framework in Frameworks */ = {isa = PBXBuildFile; fileRef = 8EE97D701821782400B4324A /* SpriteKit.framework */; };
		8EE97D771821782400B4324A /* InfoPlist.strings in Resources */ = {isa = PBXBuildFile; fileRef = 8EE97D751821782400B4324A /* InfoPlist.strings */; };
		8EE97D791821782400B4324A /* main.m in Sources */ = {isa = PBXBuildFile; fileRef = 8EE97D781821782400B4324A /* main.m */; };
		8EE97D801821782400B4324A /* Main.storyboard in Resources */ = {isa = PBXBuildFile; fileRef = 8EE97D7E1821782400B4324A /* Main.storyboard */; };
		8EE97D881821782400B4324A /* Spaceship.png in Resources */ = {isa = PBXBuildFile; fileRef = 8EE97D871821782400B4324A /* Spaceship.png */; };
		8EE97D8A1821782400B4324A /* Images.xcassets in Resources */ = {isa = PBXBuildFile; fileRef = 8EE97D891821782400B4324A /* Images.xcassets */; };
		8EE97D911821782400B4324A /* XCTest.framework in Frameworks */ = {isa = PBXBuildFile; fileRef = 8EE97D901821782400B4324A /* XCTest.framework */; };
		8EE97D921821782400B4324A /* Foundation.framework in Frameworks */ = {isa = PBXBuildFile; fileRef = 8EE97D6A1821782300B4324A /* Foundation.framework */; };
		8EE97D931821782400B4324A /* UIKit.framework in Frameworks */ = {isa = PBXBuildFile; fileRef = 8EE97D6E1821782300B4324A /* UIKit.framework */; };
		8EE97D9B1821782400B4324A /* InfoPlist.strings in Resources */ = {isa = PBXBuildFile; fileRef = 8EE97D991821782400B4324A /* InfoPlist.strings */; };
		8EF93CFF182C2768009ACA1C /* TLPMinimap.m in Sources */ = {isa = PBXBuildFile; fileRef = 8EF93CFE182C2768009ACA1C /* TLPMinimap.m */; };
		8EF93D02182C3657009ACA1C /* UIView+GCLibrary.m in Sources */ = {isa = PBXBuildFile; fileRef = 8EF93D01182C3657009ACA1C /* UIView+GCLibrary.m */; };
		8EF93D03182C3657009ACA1C /* UIView+GCLibrary.m in Sources */ = {isa = PBXBuildFile; fileRef = 8EF93D01182C3657009ACA1C /* UIView+GCLibrary.m */; };
		8EFA4E8B18281F4700FD157E /* CoreMotion.framework in Frameworks */ = {isa = PBXBuildFile; fileRef = 8EFA4E8A18281F4700FD157E /* CoreMotion.framework */; };
		8EFBDC62182BDE4E0061C44A /* TLPMainMenuScene.m in Sources */ = {isa = PBXBuildFile; fileRef = 8EFBDC61182BDE4E0061C44A /* TLPMainMenuScene.m */; };
		8EFBDC67182BE0560061C44A /* TLPButtonSprite.m in Sources */ = {isa = PBXBuildFile; fileRef = 8EFBDC66182BE0560061C44A /* TLPButtonSprite.m */; };
		8EFBDC6A182BE0900061C44A /* TLPMainMenuButtonSprite.m in Sources */ = {isa = PBXBuildFile; fileRef = 8EFBDC69182BE0900061C44A /* TLPMainMenuButtonSprite.m */; };
		8EFBDC70182BE4D70061C44A /* Raleway-ExtraLight.otf in Resources */ = {isa = PBXBuildFile; fileRef = 8EFBDC6C182BE4D70061C44A /* Raleway-ExtraLight.otf */; };
		8EFBDC71182BE4D70061C44A /* Raleway-Heavy.otf in Resources */ = {isa = PBXBuildFile; fileRef = 8EFBDC6D182BE4D70061C44A /* Raleway-Heavy.otf */; };
		8EFBDC72182BE4D70061C44A /* Raleway-Medium.otf in Resources */ = {isa = PBXBuildFile; fileRef = 8EFBDC6E182BE4D70061C44A /* Raleway-Medium.otf */; };
		8EFBDC73182BE4D70061C44A /* Raleway-Thin.otf in Resources */ = {isa = PBXBuildFile; fileRef = 8EFBDC6F182BE4D70061C44A /* Raleway-Thin.otf */; };
		8EFBDC76182BE50E0061C44A /* TLPFontHelper.m in Sources */ = {isa = PBXBuildFile; fileRef = 8EFBDC75182BE50E0061C44A /* TLPFontHelper.m */; };
		8EFBDC77182BE50E0061C44A /* TLPFontHelper.m in Sources */ = {isa = PBXBuildFile; fileRef = 8EFBDC75182BE50E0061C44A /* TLPFontHelper.m */; };
		8EFBDC78182BEA360061C44A /* Raleway-ExtraLight.otf in Resources */ = {isa = PBXBuildFile; fileRef = 8EFBDC6C182BE4D70061C44A /* Raleway-ExtraLight.otf */; };
		8EFBDC79182BEA360061C44A /* Raleway-Heavy.otf in Resources */ = {isa = PBXBuildFile; fileRef = 8EFBDC6D182BE4D70061C44A /* Raleway-Heavy.otf */; };
		8EFBDC7A182BEA360061C44A /* Raleway-Medium.otf in Resources */ = {isa = PBXBuildFile; fileRef = 8EFBDC6E182BE4D70061C44A /* Raleway-Medium.otf */; };
		8EFBDC7B182BEA360061C44A /* Raleway-Thin.otf in Resources */ = {isa = PBXBuildFile; fileRef = 8EFBDC6F182BE4D70061C44A /* Raleway-Thin.otf */; };
		8EFBDC86182C00120061C44A /* TLPSceneCreationInputTextFieldView.m in Sources */ = {isa = PBXBuildFile; fileRef = 8EFBDC85182C00120061C44A /* TLPSceneCreationInputTextFieldView.m */; };
		944631B90743A3A6E9C33AF9 /* TLPLevelCreationView.m in Sources */ = {isa = PBXBuildFile; fileRef = 944631C40A8E1B999473EC32 /* TLPLevelCreationView.m */; };
		94463C7A43991C99945881C3 /* TLPMainMenuButton.m in Sources */ = {isa = PBXBuildFile; fileRef = 94463A42342685E6FBB20E5C /* TLPMainMenuButton.m */; };
		C5AB56A59055412CB654A6CE /* libPods-ThisLittlePiggyLevelEditor.a in Frameworks */ = {isa = PBXBuildFile; fileRef = 79E3F8FCFB7F45D484BA5939 /* libPods-ThisLittlePiggyLevelEditor.a */; };
		CA153C4FDC8B42F1BD19EEBB /* libPods-ThisLittlePiggy.a in Frameworks */ = {isa = PBXBuildFile; fileRef = D06DF084912E4EA5A3F0F6C6 /* libPods-ThisLittlePiggy.a */; };
/* End PBXBuildFile section */

/* Begin PBXContainerItemProxy section */
		8E75DFDB1829A20600BCCDC1 /* PBXContainerItemProxy */ = {
			isa = PBXContainerItemProxy;
			containerPortal = 8EE97D5F1821782300B4324A /* Project object */;
			proxyType = 1;
			remoteGlobalIDString = 8E75DFB41829A20600BCCDC1;
			remoteInfo = ThisLittlePiggyLevelEditor;
		};
		8EE97D941821782400B4324A /* PBXContainerItemProxy */ = {
			isa = PBXContainerItemProxy;
			containerPortal = 8EE97D5F1821782300B4324A /* Project object */;
			proxyType = 1;
			remoteGlobalIDString = 8EE97D661821782300B4324A;
			remoteInfo = ThisLittlePiggy;
		};
/* End PBXContainerItemProxy section */

/* Begin PBXFileReference section */
		79E3F8FCFB7F45D484BA5939 /* libPods-ThisLittlePiggyLevelEditor.a */ = {isa = PBXFileReference; explicitFileType = archive.ar; includeInIndex = 0; path = "libPods-ThisLittlePiggyLevelEditor.a"; sourceTree = BUILT_PRODUCTS_DIR; };
		8E13D0D6182A937F0018FF62 /* TLPAppDelegate.h */ = {isa = PBXFileReference; fileEncoding = 4; lastKnownFileType = sourcecode.c.h; name = TLPAppDelegate.h; path = delegates/TLPAppDelegate.h; sourceTree = "<group>"; };
		8E13D0D7182A937F0018FF62 /* TLPAppDelegate.m */ = {isa = PBXFileReference; fileEncoding = 4; lastKnownFileType = sourcecode.c.objc; name = TLPAppDelegate.m; path = delegates/TLPAppDelegate.m; sourceTree = "<group>"; };
		8E13D0D9182A938A0018FF62 /* TLPViewController.h */ = {isa = PBXFileReference; fileEncoding = 4; lastKnownFileType = sourcecode.c.h; name = TLPViewController.h; path = controllers/TLPViewController.h; sourceTree = "<group>"; };
		8E13D0DA182A938A0018FF62 /* TLPViewController.m */ = {isa = PBXFileReference; fileEncoding = 4; lastKnownFileType = sourcecode.c.objc; name = TLPViewController.m; path = controllers/TLPViewController.m; sourceTree = "<group>"; };
		8E75DFB51829A20600BCCDC1 /* ThisLittlePiggyLevelEditor.app */ = {isa = PBXFileReference; explicitFileType = wrapper.application; includeInIndex = 0; path = ThisLittlePiggyLevelEditor.app; sourceTree = BUILT_PRODUCTS_DIR; };
		8E75DFBC1829A20600BCCDC1 /* ThisLittlePiggyLevelEditor-Info.plist */ = {isa = PBXFileReference; lastKnownFileType = text.plist.xml; path = "ThisLittlePiggyLevelEditor-Info.plist"; sourceTree = "<group>"; };
		8E75DFBE1829A20600BCCDC1 /* en */ = {isa = PBXFileReference; lastKnownFileType = text.plist.strings; name = en; path = en.lproj/InfoPlist.strings; sourceTree = "<group>"; };
		8E75DFC01829A20600BCCDC1 /* main.m */ = {isa = PBXFileReference; lastKnownFileType = sourcecode.c.objc; path = main.m; sourceTree = "<group>"; };
		8E75DFC21829A20600BCCDC1 /* ThisLittlePiggyLevelEditor-Prefix.pch */ = {isa = PBXFileReference; lastKnownFileType = sourcecode.c.h; path = "ThisLittlePiggyLevelEditor-Prefix.pch"; sourceTree = "<group>"; };
		8E75DFC71829A20600BCCDC1 /* Base */ = {isa = PBXFileReference; lastKnownFileType = file.storyboard; name = Base; path = Base.lproj/Main.storyboard; sourceTree = "<group>"; };
		8E75DFCF1829A20600BCCDC1 /* Spaceship.png */ = {isa = PBXFileReference; lastKnownFileType = image.png; path = Spaceship.png; sourceTree = "<group>"; };
		8E75DFD11829A20600BCCDC1 /* Images.xcassets */ = {isa = PBXFileReference; lastKnownFileType = folder.assetcatalog; path = Images.xcassets; sourceTree = "<group>"; };
		8E75DFD71829A20600BCCDC1 /* ThisLittlePiggyLevelEditorTests.xctest */ = {isa = PBXFileReference; explicitFileType = wrapper.cfbundle; includeInIndex = 0; path = ThisLittlePiggyLevelEditorTests.xctest; sourceTree = BUILT_PRODUCTS_DIR; };
		8E75DFDF1829A20600BCCDC1 /* ThisLittlePiggyLevelEditorTests-Info.plist */ = {isa = PBXFileReference; lastKnownFileType = text.plist.xml; path = "ThisLittlePiggyLevelEditorTests-Info.plist"; sourceTree = "<group>"; };
		8E75DFE11829A20600BCCDC1 /* en */ = {isa = PBXFileReference; lastKnownFileType = text.plist.strings; name = en; path = en.lproj/InfoPlist.strings; sourceTree = "<group>"; };
		8E75DFE31829A20600BCCDC1 /* ThisLittlePiggyLevelEditorTests.m */ = {isa = PBXFileReference; lastKnownFileType = sourcecode.c.objc; path = ThisLittlePiggyLevelEditorTests.m; sourceTree = "<group>"; };
		8E75DFF61829A5BB00BCCDC1 /* TLPFileHelper.h */ = {isa = PBXFileReference; fileEncoding = 4; lastKnownFileType = sourcecode.c.h; name = TLPFileHelper.h; path = utilities/TLPFileHelper.h; sourceTree = "<group>"; };
		8E75DFF71829A5BB00BCCDC1 /* TLPFileHelper.m */ = {isa = PBXFileReference; fileEncoding = 4; lastKnownFileType = sourcecode.c.objc; name = TLPFileHelper.m; path = utilities/TLPFileHelper.m; sourceTree = "<group>"; };
		8E75DFFB1829A9BD00BCCDC1 /* TLPAbstractModel.h */ = {isa = PBXFileReference; fileEncoding = 4; lastKnownFileType = sourcecode.c.h; name = TLPAbstractModel.h; path = models/TLPAbstractModel.h; sourceTree = "<group>"; };
		8E75DFFC1829A9BD00BCCDC1 /* TLPAbstractModel.m */ = {isa = PBXFileReference; fileEncoding = 4; lastKnownFileType = sourcecode.c.objc; name = TLPAbstractModel.m; path = models/TLPAbstractModel.m; sourceTree = "<group>"; };
		8E75DFFF1829AA0600BCCDC1 /* TLPCloudModel.h */ = {isa = PBXFileReference; fileEncoding = 4; lastKnownFileType = sourcecode.c.h; name = TLPCloudModel.h; path = models/TLPCloudModel.h; sourceTree = "<group>"; };
		8E75E0001829AA0600BCCDC1 /* TLPCloudModel.m */ = {isa = PBXFileReference; fileEncoding = 4; lastKnownFileType = sourcecode.c.objc; name = TLPCloudModel.m; path = models/TLPCloudModel.m; sourceTree = "<group>"; };
		8E75E0041829ABD400BCCDC1 /* TLPLevelHandler.h */ = {isa = PBXFileReference; fileEncoding = 4; lastKnownFileType = sourcecode.c.h; name = TLPLevelHandler.h; path = utilities/level/TLPLevelHandler.h; sourceTree = "<group>"; };
		8E75E0051829ABD400BCCDC1 /* TLPLevelHandler.m */ = {isa = PBXFileReference; fileEncoding = 4; lastKnownFileType = sourcecode.c.objc; name = TLPLevelHandler.m; path = utilities/level/TLPLevelHandler.m; sourceTree = "<group>"; };
		8E75E00A1829B8F900BCCDC1 /* level0.xml */ = {isa = PBXFileReference; fileEncoding = 4; lastKnownFileType = text.xml; path = level0.xml; sourceTree = "<group>"; };
		8E8C148018234C2900B07048 /* TLPBaseLevelScene.h */ = {isa = PBXFileReference; fileEncoding = 4; lastKnownFileType = sourcecode.c.h; name = TLPBaseLevelScene.h; path = scenes/levels/TLPBaseLevelScene.h; sourceTree = "<group>"; };
		8E8C148118234C2900B07048 /* TLPBaseLevelScene.m */ = {isa = PBXFileReference; fileEncoding = 4; lastKnownFileType = sourcecode.c.objc; name = TLPBaseLevelScene.m; path = scenes/levels/TLPBaseLevelScene.m; sourceTree = "<group>"; };
		8E8C148618234EE300B07048 /* TLPBaseLevelSceneTests.m */ = {isa = PBXFileReference; fileEncoding = 4; lastKnownFileType = sourcecode.c.objc; name = TLPBaseLevelSceneTests.m; path = scenes/levels/TLPBaseLevelSceneTests.m; sourceTree = "<group>"; };
		8E8C1489182352CD00B07048 /* TLPPlayer.h */ = {isa = PBXFileReference; fileEncoding = 4; lastKnownFileType = sourcecode.c.h; name = TLPPlayer.h; path = scenes/TLPPlayer.h; sourceTree = "<group>"; };
		8E8C148A182352CD00B07048 /* TLPPlayer.m */ = {isa = PBXFileReference; fileEncoding = 4; lastKnownFileType = sourcecode.c.objc; name = TLPPlayer.m; path = scenes/TLPPlayer.m; sourceTree = "<group>"; };
		8E904F8C1830329B0052A43C /* TLPLevelCreationSizeView.h */ = {isa = PBXFileReference; fileEncoding = 4; lastKnownFileType = sourcecode.c.h; name = TLPLevelCreationSizeView.h; path = views/levelCreation/createLevelSizeView/TLPLevelCreationSizeView.h; sourceTree = "<group>"; };
		8E904F8D1830329B0052A43C /* TLPLevelCreationSizeView.m */ = {isa = PBXFileReference; fileEncoding = 4; lastKnownFileType = sourcecode.c.objc; name = TLPLevelCreationSizeView.m; path = views/levelCreation/createLevelSizeView/TLPLevelCreationSizeView.m; sourceTree = "<group>"; };
		8E904F8F183033990052A43C /* TLPLevelCreationPanelView.h */ = {isa = PBXFileReference; fileEncoding = 4; lastKnownFileType = sourcecode.c.h; name = TLPLevelCreationPanelView.h; path = views/levelCreation/panel/TLPLevelCreationPanelView.h; sourceTree = "<group>"; };
		8E904F90183033990052A43C /* TLPLevelCreationPanelView.m */ = {isa = PBXFileReference; fileEncoding = 4; lastKnownFileType = sourcecode.c.objc; name = TLPLevelCreationPanelView.m; path = views/levelCreation/panel/TLPLevelCreationPanelView.m; sourceTree = "<group>"; };
		8EB1C49418271D400074AA95 /* TLPSpawnAI.h */ = {isa = PBXFileReference; fileEncoding = 4; lastKnownFileType = sourcecode.c.h; name = TLPSpawnAI.h; path = ai/TLPSpawnAI.h; sourceTree = "<group>"; };
		8EB1C49518271D400074AA95 /* TLPSpawnAI.m */ = {isa = PBXFileReference; fileEncoding = 4; lastKnownFileType = sourcecode.c.objc; name = TLPSpawnAI.m; path = ai/TLPSpawnAI.m; sourceTree = "<group>"; };
		8EB1C498182726880074AA95 /* TLPSky.h */ = {isa = PBXFileReference; fileEncoding = 4; lastKnownFileType = sourcecode.c.h; name = TLPSky.h; path = sprites/characters/TLPSky.h; sourceTree = "<group>"; };
		8EB1C499182726880074AA95 /* TLPSky.m */ = {isa = PBXFileReference; fileEncoding = 4; lastKnownFileType = sourcecode.c.objc; name = TLPSky.m; path = sprites/characters/TLPSky.m; sourceTree = "<group>"; };
		8ECE9BC018257CA60049763C /* UIColor+ThisLittlePiggy.h */ = {isa = PBXFileReference; fileEncoding = 4; lastKnownFileType = sourcecode.c.h; name = "UIColor+ThisLittlePiggy.h"; path = "globals/helpers/UIColor+ThisLittlePiggy.h"; sourceTree = "<group>"; };
		8ECE9BC118257CA60049763C /* UIColor+ThisLittlePiggy.m */ = {isa = PBXFileReference; fileEncoding = 4; lastKnownFileType = sourcecode.c.objc; name = "UIColor+ThisLittlePiggy.m"; path = "globals/helpers/UIColor+ThisLittlePiggy.m"; sourceTree = "<group>"; };
		8ECE9BC418258C070049763C /* TLPArtificialIntelligence.h */ = {isa = PBXFileReference; fileEncoding = 4; lastKnownFileType = sourcecode.c.h; name = TLPArtificialIntelligence.h; path = ai/TLPArtificialIntelligence.h; sourceTree = "<group>"; };
		8ECE9BC518258C070049763C /* TLPArtificialIntelligence.m */ = {isa = PBXFileReference; fileEncoding = 4; lastKnownFileType = sourcecode.c.objc; name = TLPArtificialIntelligence.m; path = ai/TLPArtificialIntelligence.m; sourceTree = "<group>"; };
		8ECE9BC818258D2D0049763C /* TLPWalkAI.h */ = {isa = PBXFileReference; fileEncoding = 4; lastKnownFileType = sourcecode.c.h; name = TLPWalkAI.h; path = ai/TLPWalkAI.h; sourceTree = "<group>"; };
		8ECE9BC918258D2D0049763C /* TLPWalkAI.m */ = {isa = PBXFileReference; fileEncoding = 4; lastKnownFileType = sourcecode.c.objc; name = TLPWalkAI.m; path = ai/TLPWalkAI.m; sourceTree = "<group>"; };
		8ECE9BCC18259DD70049763C /* TLPComputerControlledCharacter.h */ = {isa = PBXFileReference; fileEncoding = 4; lastKnownFileType = sourcecode.c.h; name = TLPComputerControlledCharacter.h; path = sprites/characters/TLPComputerControlledCharacter.h; sourceTree = "<group>"; };
		8ECE9BCD18259DD70049763C /* TLPComputerControlledCharacter.m */ = {isa = PBXFileReference; fileEncoding = 4; lastKnownFileType = sourcecode.c.objc; name = TLPComputerControlledCharacter.m; path = sprites/characters/TLPComputerControlledCharacter.m; sourceTree = "<group>"; };
		8ED7EDA31823E23100533439 /* TLPViewController.h */ = {isa = PBXFileReference; fileEncoding = 4; lastKnownFileType = sourcecode.c.h; name = TLPViewController.h; path = controllers/TLPViewController.h; sourceTree = "<group>"; };
		8ED7EDA41823E23100533439 /* TLPViewController.m */ = {isa = PBXFileReference; fileEncoding = 4; lastKnownFileType = sourcecode.c.objc; name = TLPViewController.m; path = controllers/TLPViewController.m; sourceTree = "<group>"; };
		8ED7EDAB1823E2FE00533439 /* TLPAppDelegate.h */ = {isa = PBXFileReference; fileEncoding = 4; lastKnownFileType = sourcecode.c.h; name = TLPAppDelegate.h; path = delegates/TLPAppDelegate.h; sourceTree = "<group>"; };
		8ED7EDAC1823E2FE00533439 /* TLPAppDelegate.m */ = {isa = PBXFileReference; fileEncoding = 4; lastKnownFileType = sourcecode.c.objc; name = TLPAppDelegate.m; path = delegates/TLPAppDelegate.m; sourceTree = "<group>"; };
		8ED7EDB11823F11300533439 /* TLPMockBaseLevelScene.h */ = {isa = PBXFileReference; fileEncoding = 4; lastKnownFileType = sourcecode.c.h; name = TLPMockBaseLevelScene.h; path = mocks/scenes/TLPMockBaseLevelScene.h; sourceTree = "<group>"; };
		8ED7EDB21823F11300533439 /* TLPMockBaseLevelScene.m */ = {isa = PBXFileReference; fileEncoding = 4; lastKnownFileType = sourcecode.c.objc; name = TLPMockBaseLevelScene.m; path = mocks/scenes/TLPMockBaseLevelScene.m; sourceTree = "<group>"; };
		8EDDDC86182402CD00AAC5A8 /* TLPCharacter.h */ = {isa = PBXFileReference; fileEncoding = 4; lastKnownFileType = sourcecode.c.h; name = TLPCharacter.h; path = sprites/characters/TLPCharacter.h; sourceTree = "<group>"; };
		8EDDDC87182402CD00AAC5A8 /* TLPCharacter.m */ = {isa = PBXFileReference; fileEncoding = 4; lastKnownFileType = sourcecode.c.objc; name = TLPCharacter.m; path = sprites/characters/TLPCharacter.m; sourceTree = "<group>"; };
		8EDDDC8A182402FE00AAC5A8 /* TLPUmbrellaCharacter.h */ = {isa = PBXFileReference; fileEncoding = 4; lastKnownFileType = sourcecode.c.h; name = TLPUmbrellaCharacter.h; path = sprites/characters/TLPUmbrellaCharacter.h; sourceTree = "<group>"; };
		8EDDDC8B182402FE00AAC5A8 /* TLPUmbrellaCharacter.m */ = {isa = PBXFileReference; fileEncoding = 4; lastKnownFileType = sourcecode.c.objc; name = TLPUmbrellaCharacter.m; path = sprites/characters/TLPUmbrellaCharacter.m; sourceTree = "<group>"; };
		8EDDDC8E1824032400AAC5A8 /* TLPPiggyCharacter.h */ = {isa = PBXFileReference; fileEncoding = 4; lastKnownFileType = sourcecode.c.h; name = TLPPiggyCharacter.h; path = sprites/characters/TLPPiggyCharacter.h; sourceTree = "<group>"; };
		8EDDDC8F1824032400AAC5A8 /* TLPPiggyCharacter.m */ = {isa = PBXFileReference; fileEncoding = 4; lastKnownFileType = sourcecode.c.objc; name = TLPPiggyCharacter.m; path = sprites/characters/TLPPiggyCharacter.m; sourceTree = "<group>"; };
		8EDDDC921824034A00AAC5A8 /* TLPEnemyCharacter.h */ = {isa = PBXFileReference; fileEncoding = 4; lastKnownFileType = sourcecode.c.h; name = TLPEnemyCharacter.h; path = sprites/characters/TLPEnemyCharacter.h; sourceTree = "<group>"; };
		8EDDDC931824034A00AAC5A8 /* TLPEnemyCharacter.m */ = {isa = PBXFileReference; fileEncoding = 4; lastKnownFileType = sourcecode.c.objc; name = TLPEnemyCharacter.m; path = sprites/characters/TLPEnemyCharacter.m; sourceTree = "<group>"; };
		8EDDDC961824036800AAC5A8 /* TLPCloudCharacter.h */ = {isa = PBXFileReference; fileEncoding = 4; lastKnownFileType = sourcecode.c.h; name = TLPCloudCharacter.h; path = sprites/characters/TLPCloudCharacter.h; sourceTree = "<group>"; };
		8EDDDC971824036800AAC5A8 /* TLPCloudCharacter.m */ = {isa = PBXFileReference; fileEncoding = 4; lastKnownFileType = sourcecode.c.objc; name = TLPCloudCharacter.m; path = sprites/characters/TLPCloudCharacter.m; sourceTree = "<group>"; };
		8EDDDC9A182403E300AAC5A8 /* TLPParallaxSprite.h */ = {isa = PBXFileReference; fileEncoding = 4; lastKnownFileType = sourcecode.c.h; name = TLPParallaxSprite.h; path = sprites/TLPParallaxSprite.h; sourceTree = "<group>"; };
		8EDDDC9B182403E300AAC5A8 /* TLPParallaxSprite.m */ = {isa = PBXFileReference; fileEncoding = 4; lastKnownFileType = sourcecode.c.objc; name = TLPParallaxSprite.m; path = sprites/TLPParallaxSprite.m; sourceTree = "<group>"; };
		8EDDDCAF18240C0B00AAC5A8 /* placeholderImages.atlas */ = {isa = PBXFileReference; lastKnownFileType = folder.skatlas; path = placeholderImages.atlas; sourceTree = "<group>"; };
		8EDDDCB118240E2B00AAC5A8 /* TLPTestLevelScene.h */ = {isa = PBXFileReference; fileEncoding = 4; lastKnownFileType = sourcecode.c.h; name = TLPTestLevelScene.h; path = scenes/levels/TLPTestLevelScene.h; sourceTree = "<group>"; };
		8EDDDCB218240E2B00AAC5A8 /* TLPTestLevelScene.m */ = {isa = PBXFileReference; fileEncoding = 4; lastKnownFileType = sourcecode.c.objc; name = TLPTestLevelScene.m; path = scenes/levels/TLPTestLevelScene.m; sourceTree = "<group>"; };
		8EE97D671821782300B4324A /* ThisLittlePiggy.app */ = {isa = PBXFileReference; explicitFileType = wrapper.application; includeInIndex = 0; path = ThisLittlePiggy.app; sourceTree = BUILT_PRODUCTS_DIR; };
		8EE97D6A1821782300B4324A /* Foundation.framework */ = {isa = PBXFileReference; lastKnownFileType = wrapper.framework; name = Foundation.framework; path = System/Library/Frameworks/Foundation.framework; sourceTree = SDKROOT; };
		8EE97D6C1821782300B4324A /* CoreGraphics.framework */ = {isa = PBXFileReference; lastKnownFileType = wrapper.framework; name = CoreGraphics.framework; path = System/Library/Frameworks/CoreGraphics.framework; sourceTree = SDKROOT; };
		8EE97D6E1821782300B4324A /* UIKit.framework */ = {isa = PBXFileReference; lastKnownFileType = wrapper.framework; name = UIKit.framework; path = System/Library/Frameworks/UIKit.framework; sourceTree = SDKROOT; };
		8EE97D701821782400B4324A /* SpriteKit.framework */ = {isa = PBXFileReference; lastKnownFileType = wrapper.framework; name = SpriteKit.framework; path = System/Library/Frameworks/SpriteKit.framework; sourceTree = SDKROOT; };
		8EE97D741821782400B4324A /* ThisLittlePiggy-Info.plist */ = {isa = PBXFileReference; lastKnownFileType = text.plist.xml; path = "ThisLittlePiggy-Info.plist"; sourceTree = "<group>"; };
		8EE97D761821782400B4324A /* en */ = {isa = PBXFileReference; lastKnownFileType = text.plist.strings; name = en; path = en.lproj/InfoPlist.strings; sourceTree = "<group>"; };
		8EE97D781821782400B4324A /* main.m */ = {isa = PBXFileReference; lastKnownFileType = sourcecode.c.objc; path = main.m; sourceTree = "<group>"; };
		8EE97D7A1821782400B4324A /* ThisLittlePiggy-Prefix.pch */ = {isa = PBXFileReference; lastKnownFileType = sourcecode.c.h; path = "ThisLittlePiggy-Prefix.pch"; sourceTree = "<group>"; };
		8EE97D7F1821782400B4324A /* Base */ = {isa = PBXFileReference; lastKnownFileType = file.storyboard; name = Base; path = Base.lproj/Main.storyboard; sourceTree = "<group>"; };
		8EE97D871821782400B4324A /* Spaceship.png */ = {isa = PBXFileReference; lastKnownFileType = image.png; path = Spaceship.png; sourceTree = "<group>"; };
		8EE97D891821782400B4324A /* Images.xcassets */ = {isa = PBXFileReference; lastKnownFileType = folder.assetcatalog; path = Images.xcassets; sourceTree = "<group>"; };
		8EE97D8F1821782400B4324A /* ThisLittlePiggyTests.xctest */ = {isa = PBXFileReference; explicitFileType = wrapper.cfbundle; includeInIndex = 0; path = ThisLittlePiggyTests.xctest; sourceTree = BUILT_PRODUCTS_DIR; };
		8EE97D901821782400B4324A /* XCTest.framework */ = {isa = PBXFileReference; lastKnownFileType = wrapper.framework; name = XCTest.framework; path = Library/Frameworks/XCTest.framework; sourceTree = DEVELOPER_DIR; };
		8EE97D981821782400B4324A /* ThisLittlePiggyTests-Info.plist */ = {isa = PBXFileReference; lastKnownFileType = text.plist.xml; path = "ThisLittlePiggyTests-Info.plist"; sourceTree = "<group>"; };
		8EE97D9A1821782400B4324A /* en */ = {isa = PBXFileReference; lastKnownFileType = text.plist.strings; name = en; path = en.lproj/InfoPlist.strings; sourceTree = "<group>"; };
		8EF93CFD182C2768009ACA1C /* TLPMinimap.h */ = {isa = PBXFileReference; fileEncoding = 4; lastKnownFileType = sourcecode.c.h; name = TLPMinimap.h; path = views/TLPMinimap.h; sourceTree = "<group>"; };
		8EF93CFE182C2768009ACA1C /* TLPMinimap.m */ = {isa = PBXFileReference; fileEncoding = 4; lastKnownFileType = sourcecode.c.objc; name = TLPMinimap.m; path = views/TLPMinimap.m; sourceTree = "<group>"; };
		8EF93D00182C3657009ACA1C /* UIView+GCLibrary.h */ = {isa = PBXFileReference; fileEncoding = 4; lastKnownFileType = sourcecode.c.h; name = "UIView+GCLibrary.h"; path = "globals/helpers/UIView+GCLibrary.h"; sourceTree = "<group>"; };
		8EF93D01182C3657009ACA1C /* UIView+GCLibrary.m */ = {isa = PBXFileReference; fileEncoding = 4; lastKnownFileType = sourcecode.c.objc; name = "UIView+GCLibrary.m"; path = "globals/helpers/UIView+GCLibrary.m"; sourceTree = "<group>"; };
		8EFA4E8A18281F4700FD157E /* CoreMotion.framework */ = {isa = PBXFileReference; lastKnownFileType = wrapper.framework; name = CoreMotion.framework; path = System/Library/Frameworks/CoreMotion.framework; sourceTree = SDKROOT; };
		8EFBDC60182BDE4E0061C44A /* TLPMainMenuScene.h */ = {isa = PBXFileReference; fileEncoding = 4; lastKnownFileType = sourcecode.c.h; name = TLPMainMenuScene.h; path = scenes/TLPMainMenuScene.h; sourceTree = "<group>"; };
		8EFBDC61182BDE4E0061C44A /* TLPMainMenuScene.m */ = {isa = PBXFileReference; fileEncoding = 4; lastKnownFileType = sourcecode.c.objc; name = TLPMainMenuScene.m; path = scenes/TLPMainMenuScene.m; sourceTree = "<group>"; };
		8EFBDC65182BE0560061C44A /* TLPButtonSprite.h */ = {isa = PBXFileReference; fileEncoding = 4; lastKnownFileType = sourcecode.c.h; name = TLPButtonSprite.h; path = sprites/buttons/TLPButtonSprite.h; sourceTree = "<group>"; };
		8EFBDC66182BE0560061C44A /* TLPButtonSprite.m */ = {isa = PBXFileReference; fileEncoding = 4; lastKnownFileType = sourcecode.c.objc; name = TLPButtonSprite.m; path = sprites/buttons/TLPButtonSprite.m; sourceTree = "<group>"; };
		8EFBDC68182BE0900061C44A /* TLPMainMenuButtonSprite.h */ = {isa = PBXFileReference; fileEncoding = 4; lastKnownFileType = sourcecode.c.h; name = TLPMainMenuButtonSprite.h; path = sprites/buttons/TLPMainMenuButtonSprite.h; sourceTree = "<group>"; };
		8EFBDC69182BE0900061C44A /* TLPMainMenuButtonSprite.m */ = {isa = PBXFileReference; fileEncoding = 4; lastKnownFileType = sourcecode.c.objc; name = TLPMainMenuButtonSprite.m; path = sprites/buttons/TLPMainMenuButtonSprite.m; sourceTree = "<group>"; };
		8EFBDC6C182BE4D70061C44A /* Raleway-ExtraLight.otf */ = {isa = PBXFileReference; lastKnownFileType = file; path = "Raleway-ExtraLight.otf"; sourceTree = "<group>"; };
		8EFBDC6D182BE4D70061C44A /* Raleway-Heavy.otf */ = {isa = PBXFileReference; lastKnownFileType = file; path = "Raleway-Heavy.otf"; sourceTree = "<group>"; };
		8EFBDC6E182BE4D70061C44A /* Raleway-Medium.otf */ = {isa = PBXFileReference; lastKnownFileType = file; path = "Raleway-Medium.otf"; sourceTree = "<group>"; };
		8EFBDC6F182BE4D70061C44A /* Raleway-Thin.otf */ = {isa = PBXFileReference; lastKnownFileType = file; path = "Raleway-Thin.otf"; sourceTree = "<group>"; };
		8EFBDC74182BE50E0061C44A /* TLPFontHelper.h */ = {isa = PBXFileReference; fileEncoding = 4; lastKnownFileType = sourcecode.c.h; name = TLPFontHelper.h; path = globals/helpers/TLPFontHelper.h; sourceTree = "<group>"; };
		8EFBDC75182BE50E0061C44A /* TLPFontHelper.m */ = {isa = PBXFileReference; fileEncoding = 4; lastKnownFileType = sourcecode.c.objc; name = TLPFontHelper.m; path = globals/helpers/TLPFontHelper.m; sourceTree = "<group>"; };
		8EFBDC84182C00120061C44A /* TLPSceneCreationInputTextFieldView.h */ = {isa = PBXFileReference; fileEncoding = 4; lastKnownFileType = sourcecode.c.h; name = TLPSceneCreationInputTextFieldView.h; path = views/textfields/TLPSceneCreationInputTextFieldView.h; sourceTree = "<group>"; };
		8EFBDC85182C00120061C44A /* TLPSceneCreationInputTextFieldView.m */ = {isa = PBXFileReference; fileEncoding = 4; lastKnownFileType = sourcecode.c.objc; name = TLPSceneCreationInputTextFieldView.m; path = views/textfields/TLPSceneCreationInputTextFieldView.m; sourceTree = "<group>"; };
		94463116D4FCB1D929DF263B /* TLPMainMenuButton.h */ = {isa = PBXFileReference; fileEncoding = 4; lastKnownFileType = sourcecode.c.h; name = TLPMainMenuButton.h; path = views/buttons/TLPMainMenuButton.h; sourceTree = "<group>"; };
		944631C40A8E1B999473EC32 /* TLPLevelCreationView.m */ = {isa = PBXFileReference; fileEncoding = 4; lastKnownFileType = sourcecode.c.objc; name = TLPLevelCreationView.m; path = views/levelCreation/levelCreationView/TLPLevelCreationView.m; sourceTree = "<group>"; };
		94463A42342685E6FBB20E5C /* TLPMainMenuButton.m */ = {isa = PBXFileReference; fileEncoding = 4; lastKnownFileType = sourcecode.c.objc; name = TLPMainMenuButton.m; path = views/buttons/TLPMainMenuButton.m; sourceTree = "<group>"; };
		94463FBA18CB957C816EE490 /* TLPLevelCreationView.h */ = {isa = PBXFileReference; fileEncoding = 4; lastKnownFileType = sourcecode.c.h; name = TLPLevelCreationView.h; path = views/levelCreation/levelCreationView/TLPLevelCreationView.h; sourceTree = "<group>"; };
		D06DF084912E4EA5A3F0F6C6 /* libPods-ThisLittlePiggy.a */ = {isa = PBXFileReference; explicitFileType = archive.ar; includeInIndex = 0; path = "libPods-ThisLittlePiggy.a"; sourceTree = BUILT_PRODUCTS_DIR; };
		DA7C4A7E107E421C8FD65338 /* Pods-ThisLittlePiggyLevelEditor.xcconfig */ = {isa = PBXFileReference; includeInIndex = 1; lastKnownFileType = text.xcconfig; name = "Pods-ThisLittlePiggyLevelEditor.xcconfig"; path = "Pods/Pods-ThisLittlePiggyLevelEditor.xcconfig"; sourceTree = "<group>"; };
		E48AEB66B3A64232B09B364A /* Pods-ThisLittlePiggy.xcconfig */ = {isa = PBXFileReference; includeInIndex = 1; lastKnownFileType = text.xcconfig; name = "Pods-ThisLittlePiggy.xcconfig"; path = "Pods/Pods-ThisLittlePiggy.xcconfig"; sourceTree = "<group>"; };
/* End PBXFileReference section */

/* Begin PBXFrameworksBuildPhase section */
		8E75DFB21829A20600BCCDC1 /* Frameworks */ = {
			isa = PBXFrameworksBuildPhase;
			buildActionMask = 2147483647;
			files = (
				8E75DFB71829A20600BCCDC1 /* CoreGraphics.framework in Frameworks */,
				8E75DFB81829A20600BCCDC1 /* UIKit.framework in Frameworks */,
				8E75DFB91829A20600BCCDC1 /* SpriteKit.framework in Frameworks */,
				8E75DFB61829A20600BCCDC1 /* Foundation.framework in Frameworks */,
				C5AB56A59055412CB654A6CE /* libPods-ThisLittlePiggyLevelEditor.a in Frameworks */,
			);
			runOnlyForDeploymentPostprocessing = 0;
		};
		8E75DFD41829A20600BCCDC1 /* Frameworks */ = {
			isa = PBXFrameworksBuildPhase;
			buildActionMask = 2147483647;
			files = (
				8E75DFD81829A20600BCCDC1 /* XCTest.framework in Frameworks */,
				8E75DFDA1829A20600BCCDC1 /* UIKit.framework in Frameworks */,
				8E75DFD91829A20600BCCDC1 /* Foundation.framework in Frameworks */,
			);
			runOnlyForDeploymentPostprocessing = 0;
		};
		8EE97D641821782300B4324A /* Frameworks */ = {
			isa = PBXFrameworksBuildPhase;
			buildActionMask = 2147483647;
			files = (
				8EFA4E8B18281F4700FD157E /* CoreMotion.framework in Frameworks */,
				8EE97D6D1821782300B4324A /* CoreGraphics.framework in Frameworks */,
				8EE97D6F1821782300B4324A /* UIKit.framework in Frameworks */,
				8EE97D711821782400B4324A /* SpriteKit.framework in Frameworks */,
				8EE97D6B1821782300B4324A /* Foundation.framework in Frameworks */,
				CA153C4FDC8B42F1BD19EEBB /* libPods-ThisLittlePiggy.a in Frameworks */,
			);
			runOnlyForDeploymentPostprocessing = 0;
		};
		8EE97D8C1821782400B4324A /* Frameworks */ = {
			isa = PBXFrameworksBuildPhase;
			buildActionMask = 2147483647;
			files = (
				8EE97D911821782400B4324A /* XCTest.framework in Frameworks */,
				8EE97D931821782400B4324A /* UIKit.framework in Frameworks */,
				8EE97D921821782400B4324A /* Foundation.framework in Frameworks */,
			);
			runOnlyForDeploymentPostprocessing = 0;
		};
/* End PBXFrameworksBuildPhase section */

/* Begin PBXGroup section */
		8E13D0D0182A92B50018FF62 /* scenes */ = {
			isa = PBXGroup;
			children = (
				8EFBDC60182BDE4E0061C44A /* TLPMainMenuScene.h */,
				8EFBDC61182BDE4E0061C44A /* TLPMainMenuScene.m */,
			);
			name = scenes;
			sourceTree = "<group>";
		};
		8E13D0D4182A93190018FF62 /* delegates */ = {
			isa = PBXGroup;
			children = (
				8E13D0D6182A937F0018FF62 /* TLPAppDelegate.h */,
				8E13D0D7182A937F0018FF62 /* TLPAppDelegate.m */,
			);
			name = delegates;
			sourceTree = "<group>";
		};
		8E13D0D5182A934B0018FF62 /* controllers */ = {
			isa = PBXGroup;
			children = (
				8E13D0D9182A938A0018FF62 /* TLPViewController.h */,
				8E13D0DA182A938A0018FF62 /* TLPViewController.m */,
			);
			name = controllers;
			sourceTree = "<group>";
		};
		8E75DFBA1829A20600BCCDC1 /* ThisLittlePiggyLevelEditor */ = {
			isa = PBXGroup;
			children = (
				8E13D0D5182A934B0018FF62 /* controllers */,
				8E13D0D4182A93190018FF62 /* delegates */,
				8E13D0D0182A92B50018FF62 /* scenes */,
				8EFBDC63182BE0170061C44A /* sprites */,
				8EFBDC7F182BF80D0061C44A /* views */,
				8E75DFC61829A20600BCCDC1 /* Main.storyboard */,
				8E75DFCF1829A20600BCCDC1 /* Spaceship.png */,
				8E75DFD11829A20600BCCDC1 /* Images.xcassets */,
				8E75DFBB1829A20600BCCDC1 /* Supporting Files */,
			);
			path = ThisLittlePiggyLevelEditor;
			sourceTree = "<group>";
		};
		8E75DFBB1829A20600BCCDC1 /* Supporting Files */ = {
			isa = PBXGroup;
			children = (
				8E75DFEB1829A38200BCCDC1 /* assets */,
				8E75DFBC1829A20600BCCDC1 /* ThisLittlePiggyLevelEditor-Info.plist */,
				8E75DFBD1829A20600BCCDC1 /* InfoPlist.strings */,
				8E75DFC01829A20600BCCDC1 /* main.m */,
				8E75DFC21829A20600BCCDC1 /* ThisLittlePiggyLevelEditor-Prefix.pch */,
			);
			name = "Supporting Files";
			sourceTree = "<group>";
		};
		8E75DFDD1829A20600BCCDC1 /* ThisLittlePiggyLevelEditorTests */ = {
			isa = PBXGroup;
			children = (
				8E75DFE31829A20600BCCDC1 /* ThisLittlePiggyLevelEditorTests.m */,
				8E75DFDE1829A20600BCCDC1 /* Supporting Files */,
			);
			path = ThisLittlePiggyLevelEditorTests;
			sourceTree = "<group>";
		};
		8E75DFDE1829A20600BCCDC1 /* Supporting Files */ = {
			isa = PBXGroup;
			children = (
				8E75DFDF1829A20600BCCDC1 /* ThisLittlePiggyLevelEditorTests-Info.plist */,
				8E75DFE01829A20600BCCDC1 /* InfoPlist.strings */,
			);
			name = "Supporting Files";
			sourceTree = "<group>";
		};
		8E75DFEB1829A38200BCCDC1 /* assets */ = {
			isa = PBXGroup;
			children = (
				8E75DFEC1829A39700BCCDC1 /* xml */,
			);
			name = assets;
			sourceTree = "<group>";
		};
		8E75DFEC1829A39700BCCDC1 /* xml */ = {
			isa = PBXGroup;
			children = (
				8E75DFED1829A39C00BCCDC1 /* levels */,
			);
			name = xml;
			sourceTree = "<group>";
		};
		8E75DFED1829A39C00BCCDC1 /* levels */ = {
			isa = PBXGroup;
			children = (
			);
			name = levels;
			sourceTree = "<group>";
		};
		8E75DFF51829A58B00BCCDC1 /* utilities */ = {
			isa = PBXGroup;
			children = (
				8E75E0031829ABB900BCCDC1 /* level */,
				8E75DFF61829A5BB00BCCDC1 /* TLPFileHelper.h */,
				8E75DFF71829A5BB00BCCDC1 /* TLPFileHelper.m */,
			);
			name = utilities;
			sourceTree = "<group>";
		};
		8E75DFFA1829A99300BCCDC1 /* models */ = {
			isa = PBXGroup;
			children = (
				8E75DFFB1829A9BD00BCCDC1 /* TLPAbstractModel.h */,
				8E75DFFC1829A9BD00BCCDC1 /* TLPAbstractModel.m */,
				8E75DFFF1829AA0600BCCDC1 /* TLPCloudModel.h */,
				8E75E0001829AA0600BCCDC1 /* TLPCloudModel.m */,
			);
			name = models;
			sourceTree = "<group>";
		};
		8E75E0031829ABB900BCCDC1 /* level */ = {
			isa = PBXGroup;
			children = (
				8E75E0041829ABD400BCCDC1 /* TLPLevelHandler.h */,
				8E75E0051829ABD400BCCDC1 /* TLPLevelHandler.m */,
			);
			name = level;
			sourceTree = "<group>";
		};
		8E75E0081829B8F900BCCDC1 /* xml */ = {
			isa = PBXGroup;
			children = (
				8E75E0091829B8F900BCCDC1 /* levels */,
			);
			path = xml;
			sourceTree = "<group>";
		};
		8E75E0091829B8F900BCCDC1 /* levels */ = {
			isa = PBXGroup;
			children = (
				8E75E00A1829B8F900BCCDC1 /* level0.xml */,
			);
			path = levels;
			sourceTree = "<group>";
		};
		8E8C147F18234BFD00B07048 /* levels */ = {
			isa = PBXGroup;
			children = (
				8E8C148018234C2900B07048 /* TLPBaseLevelScene.h */,
				8E8C148118234C2900B07048 /* TLPBaseLevelScene.m */,
				8EDDDCB118240E2B00AAC5A8 /* TLPTestLevelScene.h */,
				8EDDDCB218240E2B00AAC5A8 /* TLPTestLevelScene.m */,
			);
			name = levels;
			sourceTree = "<group>";
		};
		8E8C148418234EB300B07048 /* scenes */ = {
			isa = PBXGroup;
			children = (
				8E8C148518234EBB00B07048 /* levels */,
			);
			name = scenes;
			sourceTree = "<group>";
		};
		8E8C148518234EBB00B07048 /* levels */ = {
			isa = PBXGroup;
			children = (
				8E8C148618234EE300B07048 /* TLPBaseLevelSceneTests.m */,
			);
			name = levels;
			sourceTree = "<group>";
		};
		8E8C14881823527600B07048 /* characters */ = {
			isa = PBXGroup;
			children = (
				8EDDDC86182402CD00AAC5A8 /* TLPCharacter.h */,
				8EDDDC87182402CD00AAC5A8 /* TLPCharacter.m */,
				8EDDDC961824036800AAC5A8 /* TLPCloudCharacter.h */,
				8EDDDC971824036800AAC5A8 /* TLPCloudCharacter.m */,
				8ECE9BCC18259DD70049763C /* TLPComputerControlledCharacter.h */,
				8ECE9BCD18259DD70049763C /* TLPComputerControlledCharacter.m */,
				8EDDDC921824034A00AAC5A8 /* TLPEnemyCharacter.h */,
				8EDDDC931824034A00AAC5A8 /* TLPEnemyCharacter.m */,
				8EDDDC8E1824032400AAC5A8 /* TLPPiggyCharacter.h */,
				8EDDDC8F1824032400AAC5A8 /* TLPPiggyCharacter.m */,
				8EB1C498182726880074AA95 /* TLPSky.h */,
				8EB1C499182726880074AA95 /* TLPSky.m */,
				8EDDDC8A182402FE00AAC5A8 /* TLPUmbrellaCharacter.h */,
				8EDDDC8B182402FE00AAC5A8 /* TLPUmbrellaCharacter.m */,
			);
			name = characters;
			sourceTree = "<group>";
		};
		8E904F89183031DA0052A43C /* panel */ = {
			isa = PBXGroup;
			children = (
				8E904F8F183033990052A43C /* TLPLevelCreationPanelView.h */,
				8E904F90183033990052A43C /* TLPLevelCreationPanelView.m */,
			);
			name = panel;
			sourceTree = "<group>";
		};
		8E904F8A183031F30052A43C /* level creation */ = {
			isa = PBXGroup;
			children = (
				8E904F8B183032300052A43C /* create level size view */,
				8E904F89183031DA0052A43C /* panel */,
				94463828C97B2CAE1DBD26EE /* level creation view */,
			);
			name = "level creation";
			sourceTree = "<group>";
		};
		8E904F8B183032300052A43C /* create level size view */ = {
			isa = PBXGroup;
			children = (
				8E904F8C1830329B0052A43C /* TLPLevelCreationSizeView.h */,
				8E904F8D1830329B0052A43C /* TLPLevelCreationSizeView.m */,
			);
			name = "create level size view";
			sourceTree = "<group>";
		};
		8ECE9BBF18257C4E0049763C /* helpers */ = {
			isa = PBXGroup;
			children = (
				8EF93D00182C3657009ACA1C /* UIView+GCLibrary.h */,
				8EF93D01182C3657009ACA1C /* UIView+GCLibrary.m */,
				8EFBDC74182BE50E0061C44A /* TLPFontHelper.h */,
				8EFBDC75182BE50E0061C44A /* TLPFontHelper.m */,
				8ECE9BC018257CA60049763C /* UIColor+ThisLittlePiggy.h */,
				8ECE9BC118257CA60049763C /* UIColor+ThisLittlePiggy.m */,
			);
			name = helpers;
			sourceTree = "<group>";
		};
		8ECE9BC318258B840049763C /* ai */ = {
			isa = PBXGroup;
			children = (
				8ECE9BC418258C070049763C /* TLPArtificialIntelligence.h */,
				8ECE9BC518258C070049763C /* TLPArtificialIntelligence.m */,
				8EB1C49418271D400074AA95 /* TLPSpawnAI.h */,
				8EB1C49518271D400074AA95 /* TLPSpawnAI.m */,
				8ECE9BC818258D2D0049763C /* TLPWalkAI.h */,
				8ECE9BC918258D2D0049763C /* TLPWalkAI.m */,
			);
			name = ai;
			sourceTree = "<group>";
		};
		8ED7EDAF1823F0C700533439 /* mocks */ = {
			isa = PBXGroup;
			children = (
				8ED7EDB01823F0CE00533439 /* scenes */,
			);
			name = mocks;
			sourceTree = "<group>";
		};
		8ED7EDB01823F0CE00533439 /* scenes */ = {
			isa = PBXGroup;
			children = (
				8ED7EDB11823F11300533439 /* TLPMockBaseLevelScene.h */,
				8ED7EDB21823F11300533439 /* TLPMockBaseLevelScene.m */,
			);
			name = scenes;
			sourceTree = "<group>";
		};
		8EDDDC9E1824048D00AAC5A8 /* globals */ = {
			isa = PBXGroup;
			children = (
				8ECE9BBF18257C4E0049763C /* helpers */,
			);
			name = globals;
			sourceTree = "<group>";
		};
		8EDDDCAD18240C0B00AAC5A8 /* assets */ = {
			isa = PBXGroup;
			children = (
				8EFBDC6B182BE4D70061C44A /* fonts */,
				8E75E0081829B8F900BCCDC1 /* xml */,
				8EDDDCAE18240C0B00AAC5A8 /* images */,
			);
			path = assets;
			sourceTree = "<group>";
		};
		8EDDDCAE18240C0B00AAC5A8 /* images */ = {
			isa = PBXGroup;
			children = (
				8EDDDCAF18240C0B00AAC5A8 /* placeholderImages.atlas */,
			);
			path = images;
			sourceTree = "<group>";
		};
		8EE97D5E1821782300B4324A = {
			isa = PBXGroup;
			children = (
				8EE97D721821782400B4324A /* ThisLittlePiggy */,
				8EE97D961821782400B4324A /* ThisLittlePiggyTests */,
				8E75DFBA1829A20600BCCDC1 /* ThisLittlePiggyLevelEditor */,
				8E75DFDD1829A20600BCCDC1 /* ThisLittlePiggyLevelEditorTests */,
				8EE97D691821782300B4324A /* Frameworks */,
				8EE97D681821782300B4324A /* Products */,
				E48AEB66B3A64232B09B364A /* Pods-ThisLittlePiggy.xcconfig */,
				DA7C4A7E107E421C8FD65338 /* Pods-ThisLittlePiggyLevelEditor.xcconfig */,
			);
			sourceTree = "<group>";
		};
		8EE97D681821782300B4324A /* Products */ = {
			isa = PBXGroup;
			children = (
				8EE97D671821782300B4324A /* ThisLittlePiggy.app */,
				8EE97D8F1821782400B4324A /* ThisLittlePiggyTests.xctest */,
				8E75DFB51829A20600BCCDC1 /* ThisLittlePiggyLevelEditor.app */,
				8E75DFD71829A20600BCCDC1 /* ThisLittlePiggyLevelEditorTests.xctest */,
			);
			name = Products;
			sourceTree = "<group>";
		};
		8EE97D691821782300B4324A /* Frameworks */ = {
			isa = PBXGroup;
			children = (
				8EFA4E8A18281F4700FD157E /* CoreMotion.framework */,
				8EE97D6A1821782300B4324A /* Foundation.framework */,
				8EE97D6C1821782300B4324A /* CoreGraphics.framework */,
				8EE97D6E1821782300B4324A /* UIKit.framework */,
				8EE97D701821782400B4324A /* SpriteKit.framework */,
				8EE97D901821782400B4324A /* XCTest.framework */,
				D06DF084912E4EA5A3F0F6C6 /* libPods-ThisLittlePiggy.a */,
				79E3F8FCFB7F45D484BA5939 /* libPods-ThisLittlePiggyLevelEditor.a */,
			);
			name = Frameworks;
			sourceTree = "<group>";
		};
		8EE97D721821782400B4324A /* ThisLittlePiggy */ = {
			isa = PBXGroup;
			children = (
				8ECE9BC318258B840049763C /* ai */,
				8EE97DA9182179C800B4324A /* controllers */,
				8EE97DA81821798800B4324A /* delegates */,
				8EDDDC9E1824048D00AAC5A8 /* globals */,
				8E75DFFA1829A99300BCCDC1 /* models */,
				8EE97DA71821797400B4324A /* scenes */,
				8EE97DA61821795D00B4324A /* sprites */,
				8EE97D731821782400B4324A /* Supporting Files */,
				8E75DFF51829A58B00BCCDC1 /* utilities */,
			);
			path = ThisLittlePiggy;
			sourceTree = "<group>";
		};
		8EE97D731821782400B4324A /* Supporting Files */ = {
			isa = PBXGroup;
			children = (
				8EDDDCAD18240C0B00AAC5A8 /* assets */,
				8EE97D891821782400B4324A /* Images.xcassets */,
				8EE97D7E1821782400B4324A /* Main.storyboard */,
				8EE97D871821782400B4324A /* Spaceship.png */,
				8EE97D741821782400B4324A /* ThisLittlePiggy-Info.plist */,
				8EE97D751821782400B4324A /* InfoPlist.strings */,
				8EE97D781821782400B4324A /* main.m */,
				8EE97D7A1821782400B4324A /* ThisLittlePiggy-Prefix.pch */,
			);
			name = "Supporting Files";
			sourceTree = "<group>";
		};
		8EE97D961821782400B4324A /* ThisLittlePiggyTests */ = {
			isa = PBXGroup;
			children = (
				8ED7EDAF1823F0C700533439 /* mocks */,
				8E8C148418234EB300B07048 /* scenes */,
				8EE97D971821782400B4324A /* Supporting Files */,
			);
			path = ThisLittlePiggyTests;
			sourceTree = "<group>";
		};
		8EE97D971821782400B4324A /* Supporting Files */ = {
			isa = PBXGroup;
			children = (
				8EE97D981821782400B4324A /* ThisLittlePiggyTests-Info.plist */,
				8EE97D991821782400B4324A /* InfoPlist.strings */,
			);
			name = "Supporting Files";
			sourceTree = "<group>";
		};
		8EE97DA61821795D00B4324A /* sprites */ = {
			isa = PBXGroup;
			children = (
				8EDDDC9A182403E300AAC5A8 /* TLPParallaxSprite.h */,
				8EDDDC9B182403E300AAC5A8 /* TLPParallaxSprite.m */,
				8E8C14881823527600B07048 /* characters */,
			);
			name = sprites;
			sourceTree = "<group>";
		};
		8EE97DA71821797400B4324A /* scenes */ = {
			isa = PBXGroup;
			children = (
				8E8C147F18234BFD00B07048 /* levels */,
				8E8C1489182352CD00B07048 /* TLPPlayer.h */,
				8E8C148A182352CD00B07048 /* TLPPlayer.m */,
			);
			name = scenes;
			sourceTree = "<group>";
		};
		8EE97DA81821798800B4324A /* delegates */ = {
			isa = PBXGroup;
			children = (
				8ED7EDAB1823E2FE00533439 /* TLPAppDelegate.h */,
				8ED7EDAC1823E2FE00533439 /* TLPAppDelegate.m */,
			);
			name = delegates;
			sourceTree = "<group>";
		};
		8EE97DA9182179C800B4324A /* controllers */ = {
			isa = PBXGroup;
			children = (
				8ED7EDA31823E23100533439 /* TLPViewController.h */,
				8ED7EDA41823E23100533439 /* TLPViewController.m */,
			);
			name = controllers;
			sourceTree = "<group>";
		};
		8EFBDC63182BE0170061C44A /* sprites */ = {
			isa = PBXGroup;
			children = (
				8EFBDC64182BE01F0061C44A /* buttons */,
			);
			name = sprites;
			sourceTree = "<group>";
		};
		8EFBDC64182BE01F0061C44A /* buttons */ = {
			isa = PBXGroup;
			children = (
				8EFBDC65182BE0560061C44A /* TLPButtonSprite.h */,
				8EFBDC66182BE0560061C44A /* TLPButtonSprite.m */,
				8EFBDC68182BE0900061C44A /* TLPMainMenuButtonSprite.h */,
				8EFBDC69182BE0900061C44A /* TLPMainMenuButtonSprite.m */,
			);
			name = buttons;
			sourceTree = "<group>";
		};
		8EFBDC6B182BE4D70061C44A /* fonts */ = {
			isa = PBXGroup;
			children = (
				8EFBDC6C182BE4D70061C44A /* Raleway-ExtraLight.otf */,
				8EFBDC6D182BE4D70061C44A /* Raleway-Heavy.otf */,
				8EFBDC6E182BE4D70061C44A /* Raleway-Medium.otf */,
				8EFBDC6F182BE4D70061C44A /* Raleway-Thin.otf */,
			);
			path = fonts;
			sourceTree = "<group>";
		};
		8EFBDC7F182BF80D0061C44A /* views */ = {
			isa = PBXGroup;
			children = (
				8E904F8A183031F30052A43C /* level creation */,
				8EFBDC83182BFFC80061C44A /* textfields */,
				8EF93CFD182C2768009ACA1C /* TLPMinimap.h */,
				8EF93CFE182C2768009ACA1C /* TLPMinimap.m */,
				9446312EE424D27A9EF5741F /* buttons */,
			);
			name = views;
			sourceTree = "<group>";
		};
		8EFBDC83182BFFC80061C44A /* textfields */ = {
			isa = PBXGroup;
			children = (
				8EFBDC84182C00120061C44A /* TLPSceneCreationInputTextFieldView.h */,
				8EFBDC85182C00120061C44A /* TLPSceneCreationInputTextFieldView.m */,
			);
			name = textfields;
			sourceTree = "<group>";
		};
		9446312EE424D27A9EF5741F /* buttons */ = {
			isa = PBXGroup;
			children = (
				94463116D4FCB1D929DF263B /* TLPMainMenuButton.h */,
				94463A42342685E6FBB20E5C /* TLPMainMenuButton.m */,
			);
			name = buttons;
			sourceTree = "<group>";
		};
		94463828C97B2CAE1DBD26EE /* level creation view */ = {
			isa = PBXGroup;
			children = (
				94463FBA18CB957C816EE490 /* TLPLevelCreationView.h */,
				944631C40A8E1B999473EC32 /* TLPLevelCreationView.m */,
			);
			name = "level creation view";
			sourceTree = "<group>";
		};
/* End PBXGroup section */

/* Begin PBXNativeTarget section */
		8E75DFB41829A20600BCCDC1 /* ThisLittlePiggyLevelEditor */ = {
			isa = PBXNativeTarget;
			buildConfigurationList = 8E75DFE91829A20600BCCDC1 /* Build configuration list for PBXNativeTarget "ThisLittlePiggyLevelEditor" */;
			buildPhases = (
				F1CA11856E104F3EA9D137EB /* Check Pods Manifest.lock */,
				8E75DFB11829A20600BCCDC1 /* Sources */,
				8E75DFB21829A20600BCCDC1 /* Frameworks */,
				8E75DFB31829A20600BCCDC1 /* Resources */,
				9E4CE0622B794B0DB0311764 /* Copy Pods Resources */,
			);
			buildRules = (
			);
			dependencies = (
			);
			name = ThisLittlePiggyLevelEditor;
			productName = ThisLittlePiggyLevelEditor;
			productReference = 8E75DFB51829A20600BCCDC1 /* ThisLittlePiggyLevelEditor.app */;
			productType = "com.apple.product-type.application";
		};
		8E75DFD61829A20600BCCDC1 /* ThisLittlePiggyLevelEditorTests */ = {
			isa = PBXNativeTarget;
			buildConfigurationList = 8E75DFEA1829A20600BCCDC1 /* Build configuration list for PBXNativeTarget "ThisLittlePiggyLevelEditorTests" */;
			buildPhases = (
				8E75DFD31829A20600BCCDC1 /* Sources */,
				8E75DFD41829A20600BCCDC1 /* Frameworks */,
				8E75DFD51829A20600BCCDC1 /* Resources */,
			);
			buildRules = (
			);
			dependencies = (
				8E75DFDC1829A20600BCCDC1 /* PBXTargetDependency */,
			);
			name = ThisLittlePiggyLevelEditorTests;
			productName = ThisLittlePiggyLevelEditorTests;
			productReference = 8E75DFD71829A20600BCCDC1 /* ThisLittlePiggyLevelEditorTests.xctest */;
			productType = "com.apple.product-type.bundle.unit-test";
		};
		8EE97D661821782300B4324A /* ThisLittlePiggy */ = {
			isa = PBXNativeTarget;
			buildConfigurationList = 8EE97DA01821782400B4324A /* Build configuration list for PBXNativeTarget "ThisLittlePiggy" */;
			buildPhases = (
				263E42D5B1E4417EBBE62310 /* Check Pods Manifest.lock */,
				8EE97D631821782300B4324A /* Sources */,
				8EE97D641821782300B4324A /* Frameworks */,
				8EE97D651821782300B4324A /* Resources */,
				1EF85B824D214A55B14F29B8 /* Copy Pods Resources */,
			);
			buildRules = (
			);
			dependencies = (
			);
			name = ThisLittlePiggy;
			productName = ThisLittlePiggy;
			productReference = 8EE97D671821782300B4324A /* ThisLittlePiggy.app */;
			productType = "com.apple.product-type.application";
		};
		8EE97D8E1821782400B4324A /* ThisLittlePiggyTests */ = {
			isa = PBXNativeTarget;
			buildConfigurationList = 8EE97DA31821782400B4324A /* Build configuration list for PBXNativeTarget "ThisLittlePiggyTests" */;
			buildPhases = (
				8EE97D8B1821782400B4324A /* Sources */,
				8EE97D8C1821782400B4324A /* Frameworks */,
				8EE97D8D1821782400B4324A /* Resources */,
			);
			buildRules = (
			);
			dependencies = (
				8EE97D951821782400B4324A /* PBXTargetDependency */,
			);
			name = ThisLittlePiggyTests;
			productName = ThisLittlePiggyTests;
			productReference = 8EE97D8F1821782400B4324A /* ThisLittlePiggyTests.xctest */;
			productType = "com.apple.product-type.bundle.unit-test";
		};
/* End PBXNativeTarget section */

/* Begin PBXProject section */
		8EE97D5F1821782300B4324A /* Project object */ = {
			isa = PBXProject;
			attributes = {
				CLASSPREFIX = TLP;
				LastUpgradeCheck = 0500;
				ORGANIZATIONNAME = 23bit;
				TargetAttributes = {
					8E75DFD61829A20600BCCDC1 = {
						TestTargetID = 8E75DFB41829A20600BCCDC1 /* ThisLittlePiggyLevelEditor */;
					};
					8EE97D8E1821782400B4324A = {
						TestTargetID = 8EE97D661821782300B4324A /* ThisLittlePiggy */;
					};
				};
			};
			buildConfigurationList = 8EE97D621821782300B4324A /* Build configuration list for PBXProject "ThisLittlePiggy" */;
			compatibilityVersion = "Xcode 3.2";
			developmentRegion = English;
			hasScannedForEncodings = 0;
			knownRegions = (
				en,
				Base,
			);
			mainGroup = 8EE97D5E1821782300B4324A;
			productRefGroup = 8EE97D681821782300B4324A /* Products */;
			projectDirPath = "";
			projectRoot = "";
			targets = (
				8EE97D661821782300B4324A /* ThisLittlePiggy */,
				8EE97D8E1821782400B4324A /* ThisLittlePiggyTests */,
				8E75DFB41829A20600BCCDC1 /* ThisLittlePiggyLevelEditor */,
				8E75DFD61829A20600BCCDC1 /* ThisLittlePiggyLevelEditorTests */,
			);
		};
/* End PBXProject section */

/* Begin PBXResourcesBuildPhase section */
		8E75DFB31829A20600BCCDC1 /* Resources */ = {
			isa = PBXResourcesBuildPhase;
			buildActionMask = 2147483647;
			files = (
				8EFBDC78182BEA360061C44A /* Raleway-ExtraLight.otf in Resources */,
				8EFBDC79182BEA360061C44A /* Raleway-Heavy.otf in Resources */,
				8EFBDC7A182BEA360061C44A /* Raleway-Medium.otf in Resources */,
				8EFBDC7B182BEA360061C44A /* Raleway-Thin.otf in Resources */,
				8E75E00C1829B8F900BCCDC1 /* level0.xml in Resources */,
				8E75DFBF1829A20600BCCDC1 /* InfoPlist.strings in Resources */,
				8E75DFD21829A20600BCCDC1 /* Images.xcassets in Resources */,
				8E75DFD01829A20600BCCDC1 /* Spaceship.png in Resources */,
				8E75DFC81829A20600BCCDC1 /* Main.storyboard in Resources */,
			);
			runOnlyForDeploymentPostprocessing = 0;
		};
		8E75DFD51829A20600BCCDC1 /* Resources */ = {
			isa = PBXResourcesBuildPhase;
			buildActionMask = 2147483647;
			files = (
				8E75DFE21829A20600BCCDC1 /* InfoPlist.strings in Resources */,
			);
			runOnlyForDeploymentPostprocessing = 0;
		};
		8EE97D651821782300B4324A /* Resources */ = {
			isa = PBXResourcesBuildPhase;
			buildActionMask = 2147483647;
			files = (
				8EFBDC73182BE4D70061C44A /* Raleway-Thin.otf in Resources */,
				8EE97D771821782400B4324A /* InfoPlist.strings in Resources */,
				8EFBDC70182BE4D70061C44A /* Raleway-ExtraLight.otf in Resources */,
				8EE97D8A1821782400B4324A /* Images.xcassets in Resources */,
				8EDDDCB018240C0B00AAC5A8 /* placeholderImages.atlas in Resources */,
				8E75E00B1829B8F900BCCDC1 /* level0.xml in Resources */,
				8EE97D881821782400B4324A /* Spaceship.png in Resources */,
				8EFBDC72182BE4D70061C44A /* Raleway-Medium.otf in Resources */,
				8EE97D801821782400B4324A /* Main.storyboard in Resources */,
				8EFBDC71182BE4D70061C44A /* Raleway-Heavy.otf in Resources */,
			);
			runOnlyForDeploymentPostprocessing = 0;
		};
		8EE97D8D1821782400B4324A /* Resources */ = {
			isa = PBXResourcesBuildPhase;
			buildActionMask = 2147483647;
			files = (
				8EE97D9B1821782400B4324A /* InfoPlist.strings in Resources */,
			);
			runOnlyForDeploymentPostprocessing = 0;
		};
/* End PBXResourcesBuildPhase section */

/* Begin PBXShellScriptBuildPhase section */
		1EF85B824D214A55B14F29B8 /* Copy Pods Resources */ = {
			isa = PBXShellScriptBuildPhase;
			buildActionMask = 2147483647;
			files = (
			);
			inputPaths = (
			);
			name = "Copy Pods Resources";
			outputPaths = (
			);
			runOnlyForDeploymentPostprocessing = 0;
			shellPath = /bin/sh;
			shellScript = "\"${SRCROOT}/Pods/Pods-ThisLittlePiggy-resources.sh\"\n";
			showEnvVarsInLog = 0;
		};
		263E42D5B1E4417EBBE62310 /* Check Pods Manifest.lock */ = {
			isa = PBXShellScriptBuildPhase;
			buildActionMask = 2147483647;
			files = (
			);
			inputPaths = (
			);
			name = "Check Pods Manifest.lock";
			outputPaths = (
			);
			runOnlyForDeploymentPostprocessing = 0;
			shellPath = /bin/sh;
			shellScript = "diff \"${PODS_ROOT}/../Podfile.lock\" \"${PODS_ROOT}/Manifest.lock\" > /dev/null\nif [[ $? != 0 ]] ; then\n    cat << EOM\nerror: The sandbox is not in sync with the Podfile.lock. Run 'pod install' or update your CocoaPods installation.\nEOM\n    exit 1\nfi\n";
			showEnvVarsInLog = 0;
		};
		9E4CE0622B794B0DB0311764 /* Copy Pods Resources */ = {
			isa = PBXShellScriptBuildPhase;
			buildActionMask = 2147483647;
			files = (
			);
			inputPaths = (
			);
			name = "Copy Pods Resources";
			outputPaths = (
			);
			runOnlyForDeploymentPostprocessing = 0;
			shellPath = /bin/sh;
			shellScript = "\"${SRCROOT}/Pods/Pods-ThisLittlePiggyLevelEditor-resources.sh\"\n";
			showEnvVarsInLog = 0;
		};
		F1CA11856E104F3EA9D137EB /* Check Pods Manifest.lock */ = {
			isa = PBXShellScriptBuildPhase;
			buildActionMask = 2147483647;
			files = (
			);
			inputPaths = (
			);
			name = "Check Pods Manifest.lock";
			outputPaths = (
			);
			runOnlyForDeploymentPostprocessing = 0;
			shellPath = /bin/sh;
			shellScript = "diff \"${PODS_ROOT}/../Podfile.lock\" \"${PODS_ROOT}/Manifest.lock\" > /dev/null\nif [[ $? != 0 ]] ; then\n    cat << EOM\nerror: The sandbox is not in sync with the Podfile.lock. Run 'pod install' or update your CocoaPods installation.\nEOM\n    exit 1\nfi\n";
			showEnvVarsInLog = 0;
		};
/* End PBXShellScriptBuildPhase section */

/* Begin PBXSourcesBuildPhase section */
		8E75DFB11829A20600BCCDC1 /* Sources */ = {
			isa = PBXSourcesBuildPhase;
			buildActionMask = 2147483647;
			files = (
				8EFBDC62182BDE4E0061C44A /* TLPMainMenuScene.m in Sources */,
				8EFBDC6A182BE0900061C44A /* TLPMainMenuButtonSprite.m in Sources */,
				8EF93D03182C3657009ACA1C /* UIView+GCLibrary.m in Sources */,
				8E13D0DC182A94840018FF62 /* UIColor+ThisLittlePiggy.m in Sources */,
				8EFBDC67182BE0560061C44A /* TLPButtonSprite.m in Sources */,
				8E75DFFE1829A9BD00BCCDC1 /* TLPAbstractModel.m in Sources */,
				8E904F8E1830329B0052A43C /* TLPLevelCreationSizeView.m in Sources */,
				8E904F91183033990052A43C /* TLPLevelCreationPanelView.m in Sources */,
				8E13D0D8182A937F0018FF62 /* TLPAppDelegate.m in Sources */,
				8EFBDC86182C00120061C44A /* TLPSceneCreationInputTextFieldView.m in Sources */,
				8E75E0021829AA0600BCCDC1 /* TLPCloudModel.m in Sources */,
				8E75E0071829ABD400BCCDC1 /* TLPLevelHandler.m in Sources */,
				8EF93CFF182C2768009ACA1C /* TLPMinimap.m in Sources */,
				8E75DFC11829A20600BCCDC1 /* main.m in Sources */,
				8E13D0DB182A938A0018FF62 /* TLPViewController.m in Sources */,
				8EFBDC77182BE50E0061C44A /* TLPFontHelper.m in Sources */,
				8E75DFF91829A5BB00BCCDC1 /* TLPFileHelper.m in Sources */,
				94463C7A43991C99945881C3 /* TLPMainMenuButton.m in Sources */,
				944631B90743A3A6E9C33AF9 /* TLPLevelCreationView.m in Sources */,
			);
			runOnlyForDeploymentPostprocessing = 0;
		};
		8E75DFD31829A20600BCCDC1 /* Sources */ = {
			isa = PBXSourcesBuildPhase;
			buildActionMask = 2147483647;
			files = (
				8E75DFE41829A20600BCCDC1 /* ThisLittlePiggyLevelEditorTests.m in Sources */,
			);
			runOnlyForDeploymentPostprocessing = 0;
		};
		8EE97D631821782300B4324A /* Sources */ = {
			isa = PBXSourcesBuildPhase;
			buildActionMask = 2147483647;
			files = (
				8EB1C49618271D400074AA95 /* TLPSpawnAI.m in Sources */,
				8EF93D02182C3657009ACA1C /* UIView+GCLibrary.m in Sources */,
				8E8C148B182352CD00B07048 /* TLPPlayer.m in Sources */,
				8E75DFF81829A5BB00BCCDC1 /* TLPFileHelper.m in Sources */,
				8ED7EDB31823F11300533439 /* TLPMockBaseLevelScene.m in Sources */,
				8ECE9BCE18259DD70049763C /* TLPComputerControlledCharacter.m in Sources */,
				8EDDDC901824032400AAC5A8 /* TLPPiggyCharacter.m in Sources */,
				8E75DFFD1829A9BD00BCCDC1 /* TLPAbstractModel.m in Sources */,
				8EDDDC8C182402FE00AAC5A8 /* TLPUmbrellaCharacter.m in Sources */,
				8E75E0061829ABD400BCCDC1 /* TLPLevelHandler.m in Sources */,
				8EDDDC88182402CD00AAC5A8 /* TLPCharacter.m in Sources */,
				8EDDDC981824036800AAC5A8 /* TLPCloudCharacter.m in Sources */,
				8ECE9BC618258C070049763C /* TLPArtificialIntelligence.m in Sources */,
				8EDDDC9C182403E300AAC5A8 /* TLPParallaxSprite.m in Sources */,
				8EDDDC941824034A00AAC5A8 /* TLPEnemyCharacter.m in Sources */,
				8ED7EDAD1823E2FE00533439 /* TLPAppDelegate.m in Sources */,
				8EB1C49A182726880074AA95 /* TLPSky.m in Sources */,
				8EE97D791821782400B4324A /* main.m in Sources */,
				8EFBDC76182BE50E0061C44A /* TLPFontHelper.m in Sources */,
				8EDDDCB318240E2B00AAC5A8 /* TLPTestLevelScene.m in Sources */,
				8ED7EDA51823E23100533439 /* TLPViewController.m in Sources */,
				8ECE9BC218257CA60049763C /* UIColor+ThisLittlePiggy.m in Sources */,
				8E8C148218234C2900B07048 /* TLPBaseLevelScene.m in Sources */,
				8E75E0011829AA0600BCCDC1 /* TLPCloudModel.m in Sources */,
				8ECE9BCA18258D2D0049763C /* TLPWalkAI.m in Sources */,
			);
			runOnlyForDeploymentPostprocessing = 0;
		};
		8EE97D8B1821782400B4324A /* Sources */ = {
			isa = PBXSourcesBuildPhase;
			buildActionMask = 2147483647;
			files = (
				8EB1C49B182726880074AA95 /* TLPSky.m in Sources */,
				8ED7EDAE1823E2FE00533439 /* TLPAppDelegate.m in Sources */,
				8ED7EDB41823F11300533439 /* TLPMockBaseLevelScene.m in Sources */,
				8EDDDC911824032400AAC5A8 /* TLPPiggyCharacter.m in Sources */,
				8EDDDC8D182402FE00AAC5A8 /* TLPUmbrellaCharacter.m in Sources */,
				8EDDDC89182402CD00AAC5A8 /* TLPCharacter.m in Sources */,
				8ECE9BCB18258D2D0049763C /* TLPWalkAI.m in Sources */,
				8ECE9BC718258C070049763C /* TLPArtificialIntelligence.m in Sources */,
				8EDDDC991824036800AAC5A8 /* TLPCloudCharacter.m in Sources */,
				8EDDDC9D182403E300AAC5A8 /* TLPParallaxSprite.m in Sources */,
				8EDDDC951824034A00AAC5A8 /* TLPEnemyCharacter.m in Sources */,
				8EB1C49718271D400074AA95 /* TLPSpawnAI.m in Sources */,
				8ECE9BCF18259DD70049763C /* TLPComputerControlledCharacter.m in Sources */,
				8E8C148718234EE300B07048 /* TLPBaseLevelSceneTests.m in Sources */,
				8ED7EDA61823E23100533439 /* TLPViewController.m in Sources */,
				8E8C148318234C2900B07048 /* TLPBaseLevelScene.m in Sources */,
				8E8C148C182352CD00B07048 /* TLPPlayer.m in Sources */,
			);
			runOnlyForDeploymentPostprocessing = 0;
		};
/* End PBXSourcesBuildPhase section */

/* Begin PBXTargetDependency section */
		8E75DFDC1829A20600BCCDC1 /* PBXTargetDependency */ = {
			isa = PBXTargetDependency;
			target = 8E75DFB41829A20600BCCDC1 /* ThisLittlePiggyLevelEditor */;
			targetProxy = 8E75DFDB1829A20600BCCDC1 /* PBXContainerItemProxy */;
		};
		8EE97D951821782400B4324A /* PBXTargetDependency */ = {
			isa = PBXTargetDependency;
			target = 8EE97D661821782300B4324A /* ThisLittlePiggy */;
			targetProxy = 8EE97D941821782400B4324A /* PBXContainerItemProxy */;
		};
/* End PBXTargetDependency section */

/* Begin PBXVariantGroup section */
		8E75DFBD1829A20600BCCDC1 /* InfoPlist.strings */ = {
			isa = PBXVariantGroup;
			children = (
				8E75DFBE1829A20600BCCDC1 /* en */,
			);
			name = InfoPlist.strings;
			sourceTree = "<group>";
		};
		8E75DFC61829A20600BCCDC1 /* Main.storyboard */ = {
			isa = PBXVariantGroup;
			children = (
				8E75DFC71829A20600BCCDC1 /* Base */,
			);
			name = Main.storyboard;
			sourceTree = "<group>";
		};
		8E75DFE01829A20600BCCDC1 /* InfoPlist.strings */ = {
			isa = PBXVariantGroup;
			children = (
				8E75DFE11829A20600BCCDC1 /* en */,
			);
			name = InfoPlist.strings;
			sourceTree = "<group>";
		};
		8EE97D751821782400B4324A /* InfoPlist.strings */ = {
			isa = PBXVariantGroup;
			children = (
				8EE97D761821782400B4324A /* en */,
			);
			name = InfoPlist.strings;
			sourceTree = "<group>";
		};
		8EE97D7E1821782400B4324A /* Main.storyboard */ = {
			isa = PBXVariantGroup;
			children = (
				8EE97D7F1821782400B4324A /* Base */,
			);
			name = Main.storyboard;
			sourceTree = "<group>";
		};
		8EE97D991821782400B4324A /* InfoPlist.strings */ = {
			isa = PBXVariantGroup;
			children = (
				8EE97D9A1821782400B4324A /* en */,
			);
			name = InfoPlist.strings;
			sourceTree = "<group>";
		};
/* End PBXVariantGroup section */

/* Begin XCBuildConfiguration section */
		8E75DFE51829A20600BCCDC1 /* Debug */ = {
			isa = XCBuildConfiguration;
			baseConfigurationReference = DA7C4A7E107E421C8FD65338 /* Pods-ThisLittlePiggyLevelEditor.xcconfig */;
			buildSettings = {
				ARCHS = "$(ARCHS_STANDARD_INCLUDING_64_BIT)";
				ASSETCATALOG_COMPILER_APPICON_NAME = AppIcon;
				ASSETCATALOG_COMPILER_LAUNCHIMAGE_NAME = LaunchImage;
				GCC_PRECOMPILE_PREFIX_HEADER = YES;
				GCC_PREFIX_HEADER = "ThisLittlePiggyLevelEditor/ThisLittlePiggyLevelEditor-Prefix.pch";
				GCC_PREPROCESSOR_DEFINITIONS = (
					"DEBUG=1",
					"$(inherited)",
				);
				INFOPLIST_FILE = "ThisLittlePiggyLevelEditor/ThisLittlePiggyLevelEditor-Info.plist";
				PRODUCT_NAME = "$(TARGET_NAME)";
				SPRITEKIT_TEXTURE_ATLAS_OUTPUT = YES;
				USER_HEADER_SEARCH_PATHS = "\"${PROJECT_DIR}/Pods\"/**";
				WRAPPER_EXTENSION = app;
			};
			name = Debug;
		};
		8E75DFE61829A20600BCCDC1 /* Release */ = {
			isa = XCBuildConfiguration;
			baseConfigurationReference = DA7C4A7E107E421C8FD65338 /* Pods-ThisLittlePiggyLevelEditor.xcconfig */;
			buildSettings = {
				ARCHS = "$(ARCHS_STANDARD_INCLUDING_64_BIT)";
				ASSETCATALOG_COMPILER_APPICON_NAME = AppIcon;
				ASSETCATALOG_COMPILER_LAUNCHIMAGE_NAME = LaunchImage;
				GCC_PRECOMPILE_PREFIX_HEADER = YES;
				GCC_PREFIX_HEADER = "ThisLittlePiggyLevelEditor/ThisLittlePiggyLevelEditor-Prefix.pch";
				INFOPLIST_FILE = "ThisLittlePiggyLevelEditor/ThisLittlePiggyLevelEditor-Info.plist";
				PRODUCT_NAME = "$(TARGET_NAME)";
				SPRITEKIT_TEXTURE_ATLAS_OUTPUT = YES;
				USER_HEADER_SEARCH_PATHS = "\"${PROJECT_DIR}/Pods\"/**";
				WRAPPER_EXTENSION = app;
			};
			name = Release;
		};
		8E75DFE71829A20600BCCDC1 /* Debug */ = {
			isa = XCBuildConfiguration;
			buildSettings = {
				ARCHS = "$(ARCHS_STANDARD_INCLUDING_64_BIT)";
				BUNDLE_LOADER = "$(BUILT_PRODUCTS_DIR)/ThisLittlePiggyLevelEditor.app/ThisLittlePiggyLevelEditor";
				FRAMEWORK_SEARCH_PATHS = (
					"$(SDKROOT)/Developer/Library/Frameworks",
					"$(inherited)",
					"$(DEVELOPER_FRAMEWORKS_DIR)",
				);
				GCC_PRECOMPILE_PREFIX_HEADER = YES;
				GCC_PREFIX_HEADER = "ThisLittlePiggyLevelEditor/ThisLittlePiggyLevelEditor-Prefix.pch";
				GCC_PREPROCESSOR_DEFINITIONS = (
					"DEBUG=1",
					"$(inherited)",
				);
				INFOPLIST_FILE = "ThisLittlePiggyLevelEditorTests/ThisLittlePiggyLevelEditorTests-Info.plist";
				PRODUCT_NAME = "$(TARGET_NAME)";
				TEST_HOST = "$(BUNDLE_LOADER)";
				WRAPPER_EXTENSION = xctest;
			};
			name = Debug;
		};
		8E75DFE81829A20600BCCDC1 /* Release */ = {
			isa = XCBuildConfiguration;
			buildSettings = {
				ARCHS = "$(ARCHS_STANDARD_INCLUDING_64_BIT)";
				BUNDLE_LOADER = "$(BUILT_PRODUCTS_DIR)/ThisLittlePiggyLevelEditor.app/ThisLittlePiggyLevelEditor";
				FRAMEWORK_SEARCH_PATHS = (
					"$(SDKROOT)/Developer/Library/Frameworks",
					"$(inherited)",
					"$(DEVELOPER_FRAMEWORKS_DIR)",
				);
				GCC_PRECOMPILE_PREFIX_HEADER = YES;
				GCC_PREFIX_HEADER = "ThisLittlePiggyLevelEditor/ThisLittlePiggyLevelEditor-Prefix.pch";
				INFOPLIST_FILE = "ThisLittlePiggyLevelEditorTests/ThisLittlePiggyLevelEditorTests-Info.plist";
				PRODUCT_NAME = "$(TARGET_NAME)";
				TEST_HOST = "$(BUNDLE_LOADER)";
				WRAPPER_EXTENSION = xctest;
			};
			name = Release;
		};
		8EE97D9E1821782400B4324A /* Debug */ = {
			isa = XCBuildConfiguration;
			buildSettings = {
				ALWAYS_SEARCH_USER_PATHS = NO;
				ARCHS = "$(ARCHS_STANDARD_INCLUDING_64_BIT)";
				CLANG_CXX_LANGUAGE_STANDARD = "gnu++0x";
				CLANG_CXX_LIBRARY = "libc++";
				CLANG_ENABLE_MODULES = YES;
				CLANG_ENABLE_OBJC_ARC = YES;
				CLANG_WARN_BOOL_CONVERSION = YES;
				CLANG_WARN_CONSTANT_CONVERSION = YES;
				CLANG_WARN_DIRECT_OBJC_ISA_USAGE = YES_ERROR;
				CLANG_WARN_EMPTY_BODY = YES;
				CLANG_WARN_ENUM_CONVERSION = YES;
				CLANG_WARN_INT_CONVERSION = YES;
				CLANG_WARN_OBJC_ROOT_CLASS = YES_ERROR;
				CLANG_WARN__DUPLICATE_METHOD_MATCH = YES;
				"CODE_SIGN_IDENTITY[sdk=iphoneos*]" = "iPhone Developer";
				COPY_PHASE_STRIP = NO;
				GCC_C_LANGUAGE_STANDARD = gnu99;
				GCC_DYNAMIC_NO_PIC = NO;
				GCC_OPTIMIZATION_LEVEL = 0;
				GCC_PREPROCESSOR_DEFINITIONS = (
					"DEBUG=1",
					"$(inherited)",
				);
				GCC_SYMBOLS_PRIVATE_EXTERN = NO;
				GCC_WARN_64_TO_32_BIT_CONVERSION = YES;
				GCC_WARN_ABOUT_RETURN_TYPE = YES_ERROR;
				GCC_WARN_UNDECLARED_SELECTOR = YES;
				GCC_WARN_UNINITIALIZED_AUTOS = YES;
				GCC_WARN_UNUSED_FUNCTION = YES;
				GCC_WARN_UNUSED_VARIABLE = YES;
				IPHONEOS_DEPLOYMENT_TARGET = 7.0;
				ONLY_ACTIVE_ARCH = YES;
				SDKROOT = iphoneos;
				TARGETED_DEVICE_FAMILY = 2;
			};
			name = Debug;
		};
		8EE97D9F1821782400B4324A /* Release */ = {
			isa = XCBuildConfiguration;
			buildSettings = {
				ALWAYS_SEARCH_USER_PATHS = NO;
				ARCHS = "$(ARCHS_STANDARD_INCLUDING_64_BIT)";
				CLANG_CXX_LANGUAGE_STANDARD = "gnu++0x";
				CLANG_CXX_LIBRARY = "libc++";
				CLANG_ENABLE_MODULES = YES;
				CLANG_ENABLE_OBJC_ARC = YES;
				CLANG_WARN_BOOL_CONVERSION = YES;
				CLANG_WARN_CONSTANT_CONVERSION = YES;
				CLANG_WARN_DIRECT_OBJC_ISA_USAGE = YES_ERROR;
				CLANG_WARN_EMPTY_BODY = YES;
				CLANG_WARN_ENUM_CONVERSION = YES;
				CLANG_WARN_INT_CONVERSION = YES;
				CLANG_WARN_OBJC_ROOT_CLASS = YES_ERROR;
				CLANG_WARN__DUPLICATE_METHOD_MATCH = YES;
				"CODE_SIGN_IDENTITY[sdk=iphoneos*]" = "iPhone Developer";
				COPY_PHASE_STRIP = YES;
				ENABLE_NS_ASSERTIONS = NO;
				GCC_C_LANGUAGE_STANDARD = gnu99;
				GCC_WARN_64_TO_32_BIT_CONVERSION = YES;
				GCC_WARN_ABOUT_RETURN_TYPE = YES_ERROR;
				GCC_WARN_UNDECLARED_SELECTOR = YES;
				GCC_WARN_UNINITIALIZED_AUTOS = YES;
				GCC_WARN_UNUSED_FUNCTION = YES;
				GCC_WARN_UNUSED_VARIABLE = YES;
				IPHONEOS_DEPLOYMENT_TARGET = 7.0;
				SDKROOT = iphoneos;
				TARGETED_DEVICE_FAMILY = 2;
				VALIDATE_PRODUCT = YES;
			};
			name = Release;
		};
		8EE97DA11821782400B4324A /* Debug */ = {
			isa = XCBuildConfiguration;
			baseConfigurationReference = E48AEB66B3A64232B09B364A /* Pods-ThisLittlePiggy.xcconfig */;
			buildSettings = {
				ASSETCATALOG_COMPILER_APPICON_NAME = AppIcon;
				ASSETCATALOG_COMPILER_LAUNCHIMAGE_NAME = LaunchImage;
				GCC_PRECOMPILE_PREFIX_HEADER = YES;
				GCC_PREFIX_HEADER = "ThisLittlePiggy/ThisLittlePiggy-Prefix.pch";
				INFOPLIST_FILE = "ThisLittlePiggy/ThisLittlePiggy-Info.plist";
				PRODUCT_NAME = "$(TARGET_NAME)";
				SPRITEKIT_TEXTURE_ATLAS_OUTPUT = YES;
				WRAPPER_EXTENSION = app;
			};
			name = Debug;
		};
		8EE97DA21821782400B4324A /* Release */ = {
			isa = XCBuildConfiguration;
			baseConfigurationReference = E48AEB66B3A64232B09B364A /* Pods-ThisLittlePiggy.xcconfig */;
			buildSettings = {
				ASSETCATALOG_COMPILER_APPICON_NAME = AppIcon;
				ASSETCATALOG_COMPILER_LAUNCHIMAGE_NAME = LaunchImage;
				GCC_PRECOMPILE_PREFIX_HEADER = YES;
				GCC_PREFIX_HEADER = "ThisLittlePiggy/ThisLittlePiggy-Prefix.pch";
				INFOPLIST_FILE = "ThisLittlePiggy/ThisLittlePiggy-Info.plist";
				PRODUCT_NAME = "$(TARGET_NAME)";
				SPRITEKIT_TEXTURE_ATLAS_OUTPUT = YES;
				WRAPPER_EXTENSION = app;
			};
			name = Release;
		};
		8EE97DA41821782400B4324A /* Debug */ = {
			isa = XCBuildConfiguration;
			buildSettings = {
				ARCHS = "$(ARCHS_STANDARD_INCLUDING_64_BIT)";
				BUNDLE_LOADER = "$(BUILT_PRODUCTS_DIR)/ThisLittlePiggy.app/ThisLittlePiggy";
				FRAMEWORK_SEARCH_PATHS = (
					"$(SDKROOT)/Developer/Library/Frameworks",
					"$(inherited)",
					"$(DEVELOPER_FRAMEWORKS_DIR)",
				);
				GCC_PRECOMPILE_PREFIX_HEADER = YES;
				GCC_PREFIX_HEADER = "ThisLittlePiggy/ThisLittlePiggy-Prefix.pch";
				GCC_PREPROCESSOR_DEFINITIONS = (
					"DEBUG=1",
					"$(inherited)",
				);
				INFOPLIST_FILE = "ThisLittlePiggyTests/ThisLittlePiggyTests-Info.plist";
				PRODUCT_NAME = "$(TARGET_NAME)";
				TEST_HOST = "$(BUNDLE_LOADER)";
				WRAPPER_EXTENSION = xctest;
			};
			name = Debug;
		};
		8EE97DA51821782400B4324A /* Release */ = {
			isa = XCBuildConfiguration;
			buildSettings = {
				ARCHS = "$(ARCHS_STANDARD_INCLUDING_64_BIT)";
				BUNDLE_LOADER = "$(BUILT_PRODUCTS_DIR)/ThisLittlePiggy.app/ThisLittlePiggy";
				FRAMEWORK_SEARCH_PATHS = (
					"$(SDKROOT)/Developer/Library/Frameworks",
					"$(inherited)",
					"$(DEVELOPER_FRAMEWORKS_DIR)",
				);
				GCC_PRECOMPILE_PREFIX_HEADER = YES;
				GCC_PREFIX_HEADER = "ThisLittlePiggy/ThisLittlePiggy-Prefix.pch";
				INFOPLIST_FILE = "ThisLittlePiggyTests/ThisLittlePiggyTests-Info.plist";
				PRODUCT_NAME = "$(TARGET_NAME)";
				TEST_HOST = "$(BUNDLE_LOADER)";
				WRAPPER_EXTENSION = xctest;
			};
			name = Release;
		};
/* End XCBuildConfiguration section */

/* Begin XCConfigurationList section */
		8E75DFE91829A20600BCCDC1 /* Build configuration list for PBXNativeTarget "ThisLittlePiggyLevelEditor" */ = {
			isa = XCConfigurationList;
			buildConfigurations = (
				8E75DFE51829A20600BCCDC1 /* Debug */,
				8E75DFE61829A20600BCCDC1 /* Release */,
			);
			defaultConfigurationIsVisible = 0;
			defaultConfigurationName = Release;
		};
		8E75DFEA1829A20600BCCDC1 /* Build configuration list for PBXNativeTarget "ThisLittlePiggyLevelEditorTests" */ = {
			isa = XCConfigurationList;
			buildConfigurations = (
				8E75DFE71829A20600BCCDC1 /* Debug */,
				8E75DFE81829A20600BCCDC1 /* Release */,
			);
			defaultConfigurationIsVisible = 0;
			defaultConfigurationName = Release;
		};
		8EE97D621821782300B4324A /* Build configuration list for PBXProject "ThisLittlePiggy" */ = {
			isa = XCConfigurationList;
			buildConfigurations = (
				8EE97D9E1821782400B4324A /* Debug */,
				8EE97D9F1821782400B4324A /* Release */,
			);
			defaultConfigurationIsVisible = 0;
			defaultConfigurationName = Release;
		};
		8EE97DA01821782400B4324A /* Build configuration list for PBXNativeTarget "ThisLittlePiggy" */ = {
			isa = XCConfigurationList;
			buildConfigurations = (
				8EE97DA11821782400B4324A /* Debug */,
				8EE97DA21821782400B4324A /* Release */,
			);
			defaultConfigurationIsVisible = 0;
			defaultConfigurationName = Release;
		};
		8EE97DA31821782400B4324A /* Build configuration list for PBXNativeTarget "ThisLittlePiggyTests" */ = {
			isa = XCConfigurationList;
			buildConfigurations = (
				8EE97DA41821782400B4324A /* Debug */,
				8EE97DA51821782400B4324A /* Release */,
			);
			defaultConfigurationIsVisible = 0;
			defaultConfigurationName = Release;
		};
/* End XCConfigurationList section */
	};
	rootObject = 8EE97D5F1821782300B4324A /* Project object */;
}
