PODS:
  - GDataXML-HTML (1.1.0)
  - ReactiveCocoa (2.1.6):
    - ReactiveCocoa/Core
    - ReactiveCocoa/no-arc
  - ReactiveCocoa/Core (2.1.6):
    - ReactiveCocoa/no-arc
  - ReactiveCocoa/no-arc (2.1.6)

DEPENDENCIES:
  - GDataXML-HTML (~> 1.1.0)
  - ReactiveCocoa (~> 2.1.6)

SPEC CHECKSUMS:
  GDataXML-HTML: 281ea772a286241f860fa152cff5c7a7cd817336
  ReactiveCocoa: 63b3bae2d4008b897eb982042dfbc379f6d04a2e

COCOAPODS: 0.27.1
